// !$*UTF8*$!
{
	archiveVersion = 1;
	classes = {
	};
	objectVersion = 46;
	objects = {

/* Begin PBXBuildFile section */
		BF0010A016FEAD3D007B8A80 /* TableModel.m in Sources */ = {isa = PBXBuildFile; fileRef = BF00109F16FEAD3D007B8A80 /* TableModel.m */; };
		BF0010A316FEADA6007B8A80 /* BaseModel.m in Sources */ = {isa = PBXBuildFile; fileRef = BF0010A216FEADA6007B8A80 /* BaseModel.m */; };
		BF0010A616FEB3DE007B8A80 /* ColumnModel.m in Sources */ = {isa = PBXBuildFile; fileRef = BF0010A516FEB3DE007B8A80 /* ColumnModel.m */; };
		BF0010A916FEBDD7007B8A80 /* AgencyModel.m in Sources */ = {isa = PBXBuildFile; fileRef = BF0010A816FEBDD7007B8A80 /* AgencyModel.m */; };
		BF0010AC16FEBEBC007B8A80 /* GroupModel.m in Sources */ = {isa = PBXBuildFile; fileRef = BF0010AB16FEBEBC007B8A80 /* GroupModel.m */; };
		BF0010AF16FECBE0007B8A80 /* CountryModel.m in Sources */ = {isa = PBXBuildFile; fileRef = BF0010AE16FECBE0007B8A80 /* CountryModel.m */; };
		BF0010B216FF21C2007B8A80 /* MetalModel.m in Sources */ = {isa = PBXBuildFile; fileRef = BF0010B116FF21C1007B8A80 /* MetalModel.m */; };
		BF0010B516FF230E007B8A80 /* ProducerModel.m in Sources */ = {isa = PBXBuildFile; fileRef = BF0010B416FF230E007B8A80 /* ProducerModel.m */; };
		BF0010B816FF252B007B8A80 /* ClientModel.m in Sources */ = {isa = PBXBuildFile; fileRef = BF0010B716FF252A007B8A80 /* ClientModel.m */; };
		BF0010BB16FF2728007B8A80 /* ProductModel.m in Sources */ = {isa = PBXBuildFile; fileRef = BF0010BA16FF2727007B8A80 /* ProductModel.m */; };
		BF0010BE16FF30C3007B8A80 /* RoleModel.m in Sources */ = {isa = PBXBuildFile; fileRef = BF0010BD16FF30C3007B8A80 /* RoleModel.m */; };
		BF0010C116FF32D5007B8A80 /* CategoryModel.m in Sources */ = {isa = PBXBuildFile; fileRef = BF0010C016FF32D4007B8A80 /* CategoryModel.m */; };
		BF0010C416FF3418007B8A80 /* SubcategoryModel.m in Sources */ = {isa = PBXBuildFile; fileRef = BF0010C316FF3417007B8A80 /* SubcategoryModel.m */; };
		BF0010C716FF362E007B8A80 /* DisciplineModel.m in Sources */ = {isa = PBXBuildFile; fileRef = BF0010C616FF362D007B8A80 /* DisciplineModel.m */; };
		BF0010CA16FF3862007B8A80 /* PersonModel.m in Sources */ = {isa = PBXBuildFile; fileRef = BF0010C916FF3860007B8A80 /* PersonModel.m */; };
		BF0010CD16FF3BB1007B8A80 /* FestivalModel.m in Sources */ = {isa = PBXBuildFile; fileRef = BF0010CC16FF3BB0007B8A80 /* FestivalModel.m */; };
		BF0010D016FF9C46007B8A80 /* EntryModel.m in Sources */ = {isa = PBXBuildFile; fileRef = BF0010CF16FF9C45007B8A80 /* EntryModel.m */; };
		BF0010D316FFA062007B8A80 /* AwardModel.m in Sources */ = {isa = PBXBuildFile; fileRef = BF0010D216FFA060007B8A80 /* AwardModel.m */; };
		BF0010D616FFA57A007B8A80 /* CreditModel.m in Sources */ = {isa = PBXBuildFile; fileRef = BF0010D516FFA578007B8A80 /* CreditModel.m */; };
		BF0010D91700CCB9007B8A80 /* ProducerCreditModel.m in Sources */ = {isa = PBXBuildFile; fileRef = BF0010D81700CCA4007B8A80 /* ProducerCreditModel.m */; };
		BF0010DC1700F8BE007B8A80 /* AnnotationModel.m in Sources */ = {isa = PBXBuildFile; fileRef = BF0010DB1700F8B9007B8A80 /* AnnotationModel.m */; };
		BF0010DF1701281C007B8A80 /* UserModel.m in Sources */ = {isa = PBXBuildFile; fileRef = BF0010DE1701280E007B8A80 /* UserModel.m */; };
		BF0010E217012BA9007B8A80 /* CalendarTypeModel.m in Sources */ = {isa = PBXBuildFile; fileRef = BF0010E117012BA6007B8A80 /* CalendarTypeModel.m */; };
		BF0010E517012CDC007B8A80 /* CalendarModel.m in Sources */ = {isa = PBXBuildFile; fileRef = BF0010E417012CD8007B8A80 /* CalendarModel.m */; };
		BF2F329B172DEF9E00C0CB1B /* BaseManagerListViewController.m in Sources */ = {isa = PBXBuildFile; fileRef = BF2F329A172DEF9E00C0CB1B /* BaseManagerListViewController.m */; };
		BF2F32A1172DFFF000C0CB1B /* EntryManagerCompleteViewController.m in Sources */ = {isa = PBXBuildFile; fileRef = BF2F32A0172DFFEF00C0CB1B /* EntryManagerCompleteViewController.m */; };
		BF2F32A4172E049A00C0CB1B /* EntryManagerCompleteView.m in Sources */ = {isa = PBXBuildFile; fileRef = BF2F32A3172E049A00C0CB1B /* EntryManagerCompleteView.m */; };
		BF2F32A7172E0B7E00C0CB1B /* CreditManagerListViewController.m in Sources */ = {isa = PBXBuildFile; fileRef = BF2F32A6172E0B7C00C0CB1B /* CreditManagerListViewController.m */; };
		BF2F32AA172E0F8600C0CB1B /* CreditManagerListView.m in Sources */ = {isa = PBXBuildFile; fileRef = BF2F32A9172E0F8300C0CB1B /* CreditManagerListView.m */; };
		BF302AD1173DF57500195DE8 /* ProducerCreditManagerListViewController.m in Sources */ = {isa = PBXBuildFile; fileRef = BF302AD0173DF57500195DE8 /* ProducerCreditManagerListViewController.m */; };
		BF302AD4173DF65700195DE8 /* ProducerCreditManagerListView.m in Sources */ = {isa = PBXBuildFile; fileRef = BF302AD3173DF65700195DE8 /* ProducerCreditManagerListView.m */; };
		BF62E8C0173DC05E00B75C07 /* ProducerCreditManagerViewController.m in Sources */ = {isa = PBXBuildFile; fileRef = BF62E8BF173DC05E00B75C07 /* ProducerCreditManagerViewController.m */; };
		BF62E8C3173DC0AE00B75C07 /* ProducerCreditManagerView.m in Sources */ = {isa = PBXBuildFile; fileRef = BF62E8C2173DC0AE00B75C07 /* ProducerCreditManagerView.m */; };
		BF8D842416F7EEA4006906D8 /* Cocoa.framework in Frameworks */ = {isa = PBXBuildFile; fileRef = BF8D842316F7EEA4006906D8 /* Cocoa.framework */; };
		BF8D842E16F7EEA4006906D8 /* InfoPlist.strings in Resources */ = {isa = PBXBuildFile; fileRef = BF8D842C16F7EEA4006906D8 /* InfoPlist.strings */; };
		BF8D843016F7EEA4006906D8 /* main.m in Sources */ = {isa = PBXBuildFile; fileRef = BF8D842F16F7EEA4006906D8 /* main.m */; };
		BF8D843416F7EEA5006906D8 /* Credits.rtf in Resources */ = {isa = PBXBuildFile; fileRef = BF8D843216F7EEA5006906D8 /* Credits.rtf */; };
		BF8D843716F7EEA5006906D8 /* AppDelegate.m in Sources */ = {isa = PBXBuildFile; fileRef = BF8D843616F7EEA5006906D8 /* AppDelegate.m */; };
		BF8D843A16F7EEA5006906D8 /* MainMenu.xib in Resources */ = {isa = PBXBuildFile; fileRef = BF8D843816F7EEA5006906D8 /* MainMenu.xib */; };
		BF8D844116F7F746006906D8 /* libsqlite3.0.dylib in Frameworks */ = {isa = PBXBuildFile; fileRef = BF8D844016F7F746006906D8 /* libsqlite3.0.dylib */; };
		BF8D844E16F7F7BC006906D8 /* FMDatabase.m in Sources */ = {isa = PBXBuildFile; fileRef = BF8D844416F7F7BC006906D8 /* FMDatabase.m */; };
		BF8D844F16F7F7BC006906D8 /* FMDatabaseAdditions.m in Sources */ = {isa = PBXBuildFile; fileRef = BF8D844616F7F7BC006906D8 /* FMDatabaseAdditions.m */; };
		BF8D845016F7F7BC006906D8 /* FMDatabasePool.m in Sources */ = {isa = PBXBuildFile; fileRef = BF8D844816F7F7BC006906D8 /* FMDatabasePool.m */; };
		BF8D845116F7F7BC006906D8 /* FMDatabaseQueue.m in Sources */ = {isa = PBXBuildFile; fileRef = BF8D844A16F7F7BC006906D8 /* FMDatabaseQueue.m */; };
		BF8D845316F7F7BC006906D8 /* FMResultSet.m in Sources */ = {isa = PBXBuildFile; fileRef = BF8D844D16F7F7BC006906D8 /* FMResultSet.m */; };
		BF8D845716F7F82F006906D8 /* FMDBDataAccess.m in Sources */ = {isa = PBXBuildFile; fileRef = BF8D845616F7F82F006906D8 /* FMDBDataAccess.m */; };
		BF8D845916F7F85D006906D8 /* CreativeDB.sqlite in Resources */ = {isa = PBXBuildFile; fileRef = BF8D845816F7F85D006906D8 /* CreativeDB.sqlite */; };
		BF8D846116F7FAD5006906D8 /* SORelativeDateTransformer.bundle in Resources */ = {isa = PBXBuildFile; fileRef = BF8D845D16F7FAD5006906D8 /* SORelativeDateTransformer.bundle */; };
		BF8D846216F7FAD5006906D8 /* SORelativeDateTransformer.m in Sources */ = {isa = PBXBuildFile; fileRef = BF8D845F16F7FAD5006906D8 /* SORelativeDateTransformer.m */; };
		BFAD2EA0171B9AE20044262E /* BaseManagerViewController.m in Sources */ = {isa = PBXBuildFile; fileRef = BFAD2E9F171B9AE00044262E /* BaseManagerViewController.m */; };
		BFAD2EA3171BA2370044262E /* BaseManagerView.m in Sources */ = {isa = PBXBuildFile; fileRef = BFAD2EA2171BA2360044262E /* BaseManagerView.m */; };
		BFE703371724F24C0030E255 /* CreditManagerViewController.m in Sources */ = {isa = PBXBuildFile; fileRef = BFE703361724F24B0030E255 /* CreditManagerViewController.m */; };
		BFE7033A1724F29D0030E255 /* CreditManagerView.m in Sources */ = {isa = PBXBuildFile; fileRef = BFE703391724F29C0030E255 /* CreditManagerView.m */; };
		BFF4C58C170544F50098A633 /* AgencyManagerViewController.m in Sources */ = {isa = PBXBuildFile; fileRef = BFF4C58B170544F50098A633 /* AgencyManagerViewController.m */; };
		BFF4C58F1705450E0098A633 /* AgencyManagerView.m in Sources */ = {isa = PBXBuildFile; fileRef = BFF4C58E1705450E0098A633 /* AgencyManagerView.m */; };
		BFF4C592170546080098A633 /* ManagerTextField.m in Sources */ = {isa = PBXBuildFile; fileRef = BFF4C591170546080098A633 /* ManagerTextField.m */; };
		BFF4C595170549D50098A633 /* ManagerComboBox.m in Sources */ = {isa = PBXBuildFile; fileRef = BFF4C594170549D50098A633 /* ManagerComboBox.m */; };
		BFF4C59917054B980098A633 /* ManagerLabel.m in Sources */ = {isa = PBXBuildFile; fileRef = BFF4C59817054B980098A633 /* ManagerLabel.m */; };
		BFF4C59C1705525E0098A633 /* ManagerEngine.m in Sources */ = {isa = PBXBuildFile; fileRef = BFF4C59B1705525E0098A633 /* ManagerEngine.m */; };
		BFF4C59F170553910098A633 /* ManagerFieldContainer.m in Sources */ = {isa = PBXBuildFile; fileRef = BFF4C59E170553910098A633 /* ManagerFieldContainer.m */; };
		BFF4C5A31707A5B30098A633 /* EntryManagerViewController.m in Sources */ = {isa = PBXBuildFile; fileRef = BFF4C5A21707A5B30098A633 /* EntryManagerViewController.m */; };
		BFF4C5A61707A5E40098A633 /* EntryManagerView.m in Sources */ = {isa = PBXBuildFile; fileRef = BFF4C5A51707A5DF0098A633 /* EntryManagerView.m */; };
		BFF4C5A91707C2020098A633 /* ManagerTextAreaField.m in Sources */ = {isa = PBXBuildFile; fileRef = BFF4C5A81707C2010098A633 /* ManagerTextAreaField.m */; };
		BFF4C5AC1708FEBA0098A633 /* ManagerActionBar.m in Sources */ = {isa = PBXBuildFile; fileRef = BFF4C5AB1708FEBA0098A633 /* ManagerActionBar.m */; };
		BFF4C5AF170902E30098A633 /* ManagerButton.m in Sources */ = {isa = PBXBuildFile; fileRef = BFF4C5AE170902E20098A633 /* ManagerButton.m */; };
/* End PBXBuildFile section */

/* Begin PBXFileReference section */
		BF00109E16FEAD3D007B8A80 /* TableModel.h */ = {isa = PBXFileReference; fileEncoding = 4; lastKnownFileType = sourcecode.c.h; path = TableModel.h; sourceTree = "<group>"; };
		BF00109F16FEAD3D007B8A80 /* TableModel.m */ = {isa = PBXFileReference; fileEncoding = 4; lastKnownFileType = sourcecode.c.objc; path = TableModel.m; sourceTree = "<group>"; };
		BF0010A116FEADA6007B8A80 /* BaseModel.h */ = {isa = PBXFileReference; fileEncoding = 4; lastKnownFileType = sourcecode.c.h; path = BaseModel.h; sourceTree = "<group>"; };
		BF0010A216FEADA6007B8A80 /* BaseModel.m */ = {isa = PBXFileReference; fileEncoding = 4; lastKnownFileType = sourcecode.c.objc; path = BaseModel.m; sourceTree = "<group>"; };
		BF0010A416FEB3DE007B8A80 /* ColumnModel.h */ = {isa = PBXFileReference; fileEncoding = 4; lastKnownFileType = sourcecode.c.h; path = ColumnModel.h; sourceTree = "<group>"; };
		BF0010A516FEB3DE007B8A80 /* ColumnModel.m */ = {isa = PBXFileReference; fileEncoding = 4; lastKnownFileType = sourcecode.c.objc; path = ColumnModel.m; sourceTree = "<group>"; };
		BF0010A716FEBDD7007B8A80 /* AgencyModel.h */ = {isa = PBXFileReference; fileEncoding = 4; lastKnownFileType = sourcecode.c.h; path = AgencyModel.h; sourceTree = "<group>"; };
		BF0010A816FEBDD7007B8A80 /* AgencyModel.m */ = {isa = PBXFileReference; fileEncoding = 4; lastKnownFileType = sourcecode.c.objc; path = AgencyModel.m; sourceTree = "<group>"; };
		BF0010AA16FEBEBC007B8A80 /* GroupModel.h */ = {isa = PBXFileReference; fileEncoding = 4; lastKnownFileType = sourcecode.c.h; path = GroupModel.h; sourceTree = "<group>"; };
		BF0010AB16FEBEBC007B8A80 /* GroupModel.m */ = {isa = PBXFileReference; fileEncoding = 4; lastKnownFileType = sourcecode.c.objc; path = GroupModel.m; sourceTree = "<group>"; };
		BF0010AD16FECBDF007B8A80 /* CountryModel.h */ = {isa = PBXFileReference; fileEncoding = 4; lastKnownFileType = sourcecode.c.h; path = CountryModel.h; sourceTree = "<group>"; };
		BF0010AE16FECBE0007B8A80 /* CountryModel.m */ = {isa = PBXFileReference; fileEncoding = 4; lastKnownFileType = sourcecode.c.objc; path = CountryModel.m; sourceTree = "<group>"; };
		BF0010B016FF21C1007B8A80 /* MetalModel.h */ = {isa = PBXFileReference; fileEncoding = 4; lastKnownFileType = sourcecode.c.h; path = MetalModel.h; sourceTree = "<group>"; };
		BF0010B116FF21C1007B8A80 /* MetalModel.m */ = {isa = PBXFileReference; fileEncoding = 4; lastKnownFileType = sourcecode.c.objc; path = MetalModel.m; sourceTree = "<group>"; };
		BF0010B316FF230D007B8A80 /* ProducerModel.h */ = {isa = PBXFileReference; fileEncoding = 4; lastKnownFileType = sourcecode.c.h; path = ProducerModel.h; sourceTree = "<group>"; };
		BF0010B416FF230E007B8A80 /* ProducerModel.m */ = {isa = PBXFileReference; fileEncoding = 4; lastKnownFileType = sourcecode.c.objc; path = ProducerModel.m; sourceTree = "<group>"; };
		BF0010B616FF252A007B8A80 /* ClientModel.h */ = {isa = PBXFileReference; fileEncoding = 4; lastKnownFileType = sourcecode.c.h; path = ClientModel.h; sourceTree = "<group>"; };
		BF0010B716FF252A007B8A80 /* ClientModel.m */ = {isa = PBXFileReference; fileEncoding = 4; lastKnownFileType = sourcecode.c.objc; path = ClientModel.m; sourceTree = "<group>"; };
		BF0010B916FF2727007B8A80 /* ProductModel.h */ = {isa = PBXFileReference; fileEncoding = 4; lastKnownFileType = sourcecode.c.h; path = ProductModel.h; sourceTree = "<group>"; };
		BF0010BA16FF2727007B8A80 /* ProductModel.m */ = {isa = PBXFileReference; fileEncoding = 4; lastKnownFileType = sourcecode.c.objc; path = ProductModel.m; sourceTree = "<group>"; };
		BF0010BC16FF30C2007B8A80 /* RoleModel.h */ = {isa = PBXFileReference; fileEncoding = 4; lastKnownFileType = sourcecode.c.h; path = RoleModel.h; sourceTree = "<group>"; };
		BF0010BD16FF30C3007B8A80 /* RoleModel.m */ = {isa = PBXFileReference; fileEncoding = 4; lastKnownFileType = sourcecode.c.objc; path = RoleModel.m; sourceTree = "<group>"; };
		BF0010BF16FF32D4007B8A80 /* CategoryModel.h */ = {isa = PBXFileReference; fileEncoding = 4; lastKnownFileType = sourcecode.c.h; path = CategoryModel.h; sourceTree = "<group>"; };
		BF0010C016FF32D4007B8A80 /* CategoryModel.m */ = {isa = PBXFileReference; fileEncoding = 4; lastKnownFileType = sourcecode.c.objc; path = CategoryModel.m; sourceTree = "<group>"; };
		BF0010C216FF3416007B8A80 /* SubcategoryModel.h */ = {isa = PBXFileReference; fileEncoding = 4; lastKnownFileType = sourcecode.c.h; path = SubcategoryModel.h; sourceTree = "<group>"; };
		BF0010C316FF3417007B8A80 /* SubcategoryModel.m */ = {isa = PBXFileReference; fileEncoding = 4; lastKnownFileType = sourcecode.c.objc; path = SubcategoryModel.m; sourceTree = "<group>"; };
		BF0010C516FF362C007B8A80 /* DisciplineModel.h */ = {isa = PBXFileReference; fileEncoding = 4; lastKnownFileType = sourcecode.c.h; path = DisciplineModel.h; sourceTree = "<group>"; };
		BF0010C616FF362D007B8A80 /* DisciplineModel.m */ = {isa = PBXFileReference; fileEncoding = 4; lastKnownFileType = sourcecode.c.objc; path = DisciplineModel.m; sourceTree = "<group>"; };
		BF0010C816FF385F007B8A80 /* PersonModel.h */ = {isa = PBXFileReference; fileEncoding = 4; lastKnownFileType = sourcecode.c.h; path = PersonModel.h; sourceTree = "<group>"; };
		BF0010C916FF3860007B8A80 /* PersonModel.m */ = {isa = PBXFileReference; fileEncoding = 4; lastKnownFileType = sourcecode.c.objc; path = PersonModel.m; sourceTree = "<group>"; };
		BF0010CB16FF3BAF007B8A80 /* FestivalModel.h */ = {isa = PBXFileReference; fileEncoding = 4; lastKnownFileType = sourcecode.c.h; path = FestivalModel.h; sourceTree = "<group>"; };
		BF0010CC16FF3BB0007B8A80 /* FestivalModel.m */ = {isa = PBXFileReference; fileEncoding = 4; lastKnownFileType = sourcecode.c.objc; path = FestivalModel.m; sourceTree = "<group>"; };
		BF0010CE16FF9C44007B8A80 /* EntryModel.h */ = {isa = PBXFileReference; fileEncoding = 4; lastKnownFileType = sourcecode.c.h; path = EntryModel.h; sourceTree = "<group>"; };
		BF0010CF16FF9C45007B8A80 /* EntryModel.m */ = {isa = PBXFileReference; fileEncoding = 4; lastKnownFileType = sourcecode.c.objc; path = EntryModel.m; sourceTree = "<group>"; };
		BF0010D116FFA05F007B8A80 /* AwardModel.h */ = {isa = PBXFileReference; fileEncoding = 4; lastKnownFileType = sourcecode.c.h; path = AwardModel.h; sourceTree = "<group>"; };
		BF0010D216FFA060007B8A80 /* AwardModel.m */ = {isa = PBXFileReference; fileEncoding = 4; lastKnownFileType = sourcecode.c.objc; path = AwardModel.m; sourceTree = "<group>"; };
		BF0010D416FFA577007B8A80 /* CreditModel.h */ = {isa = PBXFileReference; fileEncoding = 4; lastKnownFileType = sourcecode.c.h; path = CreditModel.h; sourceTree = "<group>"; };
		BF0010D516FFA578007B8A80 /* CreditModel.m */ = {isa = PBXFileReference; fileEncoding = 4; lastKnownFileType = sourcecode.c.objc; path = CreditModel.m; sourceTree = "<group>"; };
		BF0010D71700CC95007B8A80 /* ProducerCreditModel.h */ = {isa = PBXFileReference; fileEncoding = 4; lastKnownFileType = sourcecode.c.h; path = ProducerCreditModel.h; sourceTree = "<group>"; };
		BF0010D81700CCA4007B8A80 /* ProducerCreditModel.m */ = {isa = PBXFileReference; fileEncoding = 4; lastKnownFileType = sourcecode.c.objc; path = ProducerCreditModel.m; sourceTree = "<group>"; };
		BF0010DA1700F8B1007B8A80 /* AnnotationModel.h */ = {isa = PBXFileReference; fileEncoding = 4; lastKnownFileType = sourcecode.c.h; path = AnnotationModel.h; sourceTree = "<group>"; };
		BF0010DB1700F8B9007B8A80 /* AnnotationModel.m */ = {isa = PBXFileReference; fileEncoding = 4; lastKnownFileType = sourcecode.c.objc; path = AnnotationModel.m; sourceTree = "<group>"; };
		BF0010DD1701280C007B8A80 /* UserModel.h */ = {isa = PBXFileReference; fileEncoding = 4; lastKnownFileType = sourcecode.c.h; path = UserModel.h; sourceTree = "<group>"; };
		BF0010DE1701280E007B8A80 /* UserModel.m */ = {isa = PBXFileReference; fileEncoding = 4; lastKnownFileType = sourcecode.c.objc; path = UserModel.m; sourceTree = "<group>"; };
		BF0010E017012BA4007B8A80 /* CalendarTypeModel.h */ = {isa = PBXFileReference; fileEncoding = 4; lastKnownFileType = sourcecode.c.h; path = CalendarTypeModel.h; sourceTree = "<group>"; };
		BF0010E117012BA6007B8A80 /* CalendarTypeModel.m */ = {isa = PBXFileReference; fileEncoding = 4; lastKnownFileType = sourcecode.c.objc; path = CalendarTypeModel.m; sourceTree = "<group>"; };
		BF0010E317012CD7007B8A80 /* CalendarModel.h */ = {isa = PBXFileReference; fileEncoding = 4; lastKnownFileType = sourcecode.c.h; path = CalendarModel.h; sourceTree = "<group>"; };
		BF0010E417012CD8007B8A80 /* CalendarModel.m */ = {isa = PBXFileReference; fileEncoding = 4; lastKnownFileType = sourcecode.c.objc; path = CalendarModel.m; sourceTree = "<group>"; };
		BF2F3299172DEF9E00C0CB1B /* BaseManagerListViewController.h */ = {isa = PBXFileReference; fileEncoding = 4; lastKnownFileType = sourcecode.c.h; path = BaseManagerListViewController.h; sourceTree = "<group>"; };
		BF2F329A172DEF9E00C0CB1B /* BaseManagerListViewController.m */ = {isa = PBXFileReference; fileEncoding = 4; lastKnownFileType = sourcecode.c.objc; path = BaseManagerListViewController.m; sourceTree = "<group>"; };
		BF2F329F172DFFEF00C0CB1B /* EntryManagerCompleteViewController.h */ = {isa = PBXFileReference; fileEncoding = 4; lastKnownFileType = sourcecode.c.h; path = EntryManagerCompleteViewController.h; sourceTree = "<group>"; };
		BF2F32A0172DFFEF00C0CB1B /* EntryManagerCompleteViewController.m */ = {isa = PBXFileReference; fileEncoding = 4; lastKnownFileType = sourcecode.c.objc; path = EntryManagerCompleteViewController.m; sourceTree = "<group>"; };
		BF2F32A2172E049A00C0CB1B /* EntryManagerCompleteView.h */ = {isa = PBXFileReference; fileEncoding = 4; lastKnownFileType = sourcecode.c.h; path = EntryManagerCompleteView.h; sourceTree = "<group>"; };
		BF2F32A3172E049A00C0CB1B /* EntryManagerCompleteView.m */ = {isa = PBXFileReference; fileEncoding = 4; lastKnownFileType = sourcecode.c.objc; path = EntryManagerCompleteView.m; sourceTree = "<group>"; };
		BF2F32A5172E0B7A00C0CB1B /* CreditManagerListViewController.h */ = {isa = PBXFileReference; fileEncoding = 4; lastKnownFileType = sourcecode.c.h; path = CreditManagerListViewController.h; sourceTree = "<group>"; };
		BF2F32A6172E0B7C00C0CB1B /* CreditManagerListViewController.m */ = {isa = PBXFileReference; fileEncoding = 4; lastKnownFileType = sourcecode.c.objc; path = CreditManagerListViewController.m; sourceTree = "<group>"; };
		BF2F32A8172E0F8200C0CB1B /* CreditManagerListView.h */ = {isa = PBXFileReference; fileEncoding = 4; lastKnownFileType = sourcecode.c.h; path = CreditManagerListView.h; sourceTree = "<group>"; };
		BF2F32A9172E0F8300C0CB1B /* CreditManagerListView.m */ = {isa = PBXFileReference; fileEncoding = 4; lastKnownFileType = sourcecode.c.objc; path = CreditManagerListView.m; sourceTree = "<group>"; };
		BF302ACF173DF57500195DE8 /* ProducerCreditManagerListViewController.h */ = {isa = PBXFileReference; fileEncoding = 4; lastKnownFileType = sourcecode.c.h; path = ProducerCreditManagerListViewController.h; sourceTree = "<group>"; };
		BF302AD0173DF57500195DE8 /* ProducerCreditManagerListViewController.m */ = {isa = PBXFileReference; fileEncoding = 4; lastKnownFileType = sourcecode.c.objc; path = ProducerCreditManagerListViewController.m; sourceTree = "<group>"; };
		BF302AD2173DF65700195DE8 /* ProducerCreditManagerListView.h */ = {isa = PBXFileReference; fileEncoding = 4; lastKnownFileType = sourcecode.c.h; path = ProducerCreditManagerListView.h; sourceTree = "<group>"; };
		BF302AD3173DF65700195DE8 /* ProducerCreditManagerListView.m */ = {isa = PBXFileReference; fileEncoding = 4; lastKnownFileType = sourcecode.c.objc; path = ProducerCreditManagerListView.m; sourceTree = "<group>"; };
		BF62E8BE173DC05E00B75C07 /* ProducerCreditManagerViewController.h */ = {isa = PBXFileReference; fileEncoding = 4; lastKnownFileType = sourcecode.c.h; path = ProducerCreditManagerViewController.h; sourceTree = "<group>"; };
		BF62E8BF173DC05E00B75C07 /* ProducerCreditManagerViewController.m */ = {isa = PBXFileReference; fileEncoding = 4; lastKnownFileType = sourcecode.c.objc; path = ProducerCreditManagerViewController.m; sourceTree = "<group>"; };
		BF62E8C1173DC0AE00B75C07 /* ProducerCreditManagerView.h */ = {isa = PBXFileReference; fileEncoding = 4; lastKnownFileType = sourcecode.c.h; path = ProducerCreditManagerView.h; sourceTree = "<group>"; };
		BF62E8C2173DC0AE00B75C07 /* ProducerCreditManagerView.m */ = {isa = PBXFileReference; fileEncoding = 4; lastKnownFileType = sourcecode.c.objc; path = ProducerCreditManagerView.m; sourceTree = "<group>"; };
		BF8D842016F7EEA4006906D8 /* CreativeDB.app */ = {isa = PBXFileReference; explicitFileType = wrapper.application; includeInIndex = 0; path = CreativeDB.app; sourceTree = BUILT_PRODUCTS_DIR; };
		BF8D842316F7EEA4006906D8 /* Cocoa.framework */ = {isa = PBXFileReference; lastKnownFileType = wrapper.framework; name = Cocoa.framework; path = System/Library/Frameworks/Cocoa.framework; sourceTree = SDKROOT; };
		BF8D842616F7EEA4006906D8 /* AppKit.framework */ = {isa = PBXFileReference; lastKnownFileType = wrapper.framework; name = AppKit.framework; path = System/Library/Frameworks/AppKit.framework; sourceTree = SDKROOT; };
		BF8D842716F7EEA4006906D8 /* CoreData.framework */ = {isa = PBXFileReference; lastKnownFileType = wrapper.framework; name = CoreData.framework; path = System/Library/Frameworks/CoreData.framework; sourceTree = SDKROOT; };
		BF8D842816F7EEA4006906D8 /* Foundation.framework */ = {isa = PBXFileReference; lastKnownFileType = wrapper.framework; name = Foundation.framework; path = System/Library/Frameworks/Foundation.framework; sourceTree = SDKROOT; };
		BF8D842B16F7EEA4006906D8 /* CreativeDB-Info.plist */ = {isa = PBXFileReference; lastKnownFileType = text.plist.xml; path = "CreativeDB-Info.plist"; sourceTree = "<group>"; };
		BF8D842D16F7EEA4006906D8 /* en */ = {isa = PBXFileReference; lastKnownFileType = text.plist.strings; name = en; path = en.lproj/InfoPlist.strings; sourceTree = "<group>"; };
		BF8D842F16F7EEA4006906D8 /* main.m */ = {isa = PBXFileReference; lastKnownFileType = sourcecode.c.objc; path = main.m; sourceTree = "<group>"; };
		BF8D843116F7EEA4006906D8 /* CreativeDB-Prefix.pch */ = {isa = PBXFileReference; lastKnownFileType = sourcecode.c.h; path = "CreativeDB-Prefix.pch"; sourceTree = "<group>"; };
		BF8D843316F7EEA5006906D8 /* en */ = {isa = PBXFileReference; lastKnownFileType = text.rtf; name = en; path = en.lproj/Credits.rtf; sourceTree = "<group>"; };
		BF8D843516F7EEA5006906D8 /* AppDelegate.h */ = {isa = PBXFileReference; lastKnownFileType = sourcecode.c.h; path = AppDelegate.h; sourceTree = "<group>"; };
		BF8D843616F7EEA5006906D8 /* AppDelegate.m */ = {isa = PBXFileReference; lastKnownFileType = sourcecode.c.objc; path = AppDelegate.m; sourceTree = "<group>"; };
		BF8D843916F7EEA5006906D8 /* en */ = {isa = PBXFileReference; lastKnownFileType = file.xib; name = en; path = en.lproj/MainMenu.xib; sourceTree = "<group>"; };
		BF8D844016F7F746006906D8 /* libsqlite3.0.dylib */ = {isa = PBXFileReference; lastKnownFileType = "compiled.mach-o.dylib"; name = libsqlite3.0.dylib; path = usr/lib/libsqlite3.0.dylib; sourceTree = SDKROOT; };
		BF8D844316F7F7BC006906D8 /* FMDatabase.h */ = {isa = PBXFileReference; fileEncoding = 4; lastKnownFileType = sourcecode.c.h; path = FMDatabase.h; sourceTree = "<group>"; };
		BF8D844416F7F7BC006906D8 /* FMDatabase.m */ = {isa = PBXFileReference; fileEncoding = 4; lastKnownFileType = sourcecode.c.objc; path = FMDatabase.m; sourceTree = "<group>"; };
		BF8D844516F7F7BC006906D8 /* FMDatabaseAdditions.h */ = {isa = PBXFileReference; fileEncoding = 4; lastKnownFileType = sourcecode.c.h; path = FMDatabaseAdditions.h; sourceTree = "<group>"; };
		BF8D844616F7F7BC006906D8 /* FMDatabaseAdditions.m */ = {isa = PBXFileReference; fileEncoding = 4; lastKnownFileType = sourcecode.c.objc; path = FMDatabaseAdditions.m; sourceTree = "<group>"; };
		BF8D844716F7F7BC006906D8 /* FMDatabasePool.h */ = {isa = PBXFileReference; fileEncoding = 4; lastKnownFileType = sourcecode.c.h; path = FMDatabasePool.h; sourceTree = "<group>"; };
		BF8D844816F7F7BC006906D8 /* FMDatabasePool.m */ = {isa = PBXFileReference; fileEncoding = 4; lastKnownFileType = sourcecode.c.objc; path = FMDatabasePool.m; sourceTree = "<group>"; };
		BF8D844916F7F7BC006906D8 /* FMDatabaseQueue.h */ = {isa = PBXFileReference; fileEncoding = 4; lastKnownFileType = sourcecode.c.h; path = FMDatabaseQueue.h; sourceTree = "<group>"; };
		BF8D844A16F7F7BC006906D8 /* FMDatabaseQueue.m */ = {isa = PBXFileReference; fileEncoding = 4; lastKnownFileType = sourcecode.c.objc; path = FMDatabaseQueue.m; sourceTree = "<group>"; };
		BF8D844C16F7F7BC006906D8 /* FMResultSet.h */ = {isa = PBXFileReference; fileEncoding = 4; lastKnownFileType = sourcecode.c.h; path = FMResultSet.h; sourceTree = "<group>"; };
		BF8D844D16F7F7BC006906D8 /* FMResultSet.m */ = {isa = PBXFileReference; fileEncoding = 4; lastKnownFileType = sourcecode.c.objc; path = FMResultSet.m; sourceTree = "<group>"; };
		BF8D845516F7F82F006906D8 /* FMDBDataAccess.h */ = {isa = PBXFileReference; fileEncoding = 4; lastKnownFileType = sourcecode.c.h; path = FMDBDataAccess.h; sourceTree = "<group>"; };
		BF8D845616F7F82F006906D8 /* FMDBDataAccess.m */ = {isa = PBXFileReference; fileEncoding = 4; lastKnownFileType = sourcecode.c.objc; path = FMDBDataAccess.m; sourceTree = "<group>"; };
		BF8D845816F7F85D006906D8 /* CreativeDB.sqlite */ = {isa = PBXFileReference; lastKnownFileType = file; path = CreativeDB.sqlite; sourceTree = "<group>"; };
		BF8D845D16F7FAD5006906D8 /* SORelativeDateTransformer.bundle */ = {isa = PBXFileReference; lastKnownFileType = "wrapper.plug-in"; path = SORelativeDateTransformer.bundle; sourceTree = "<group>"; };
		BF8D845E16F7FAD5006906D8 /* SORelativeDateTransformer.h */ = {isa = PBXFileReference; fileEncoding = 4; lastKnownFileType = sourcecode.c.h; path = SORelativeDateTransformer.h; sourceTree = "<group>"; };
		BF8D845F16F7FAD5006906D8 /* SORelativeDateTransformer.m */ = {isa = PBXFileReference; fileEncoding = 4; lastKnownFileType = sourcecode.c.objc; path = SORelativeDateTransformer.m; sourceTree = "<group>"; };
		BFAD2E9E171B9ADF0044262E /* BaseManagerViewController.h */ = {isa = PBXFileReference; fileEncoding = 4; lastKnownFileType = sourcecode.c.h; path = BaseManagerViewController.h; sourceTree = "<group>"; };
		BFAD2E9F171B9AE00044262E /* BaseManagerViewController.m */ = {isa = PBXFileReference; fileEncoding = 4; lastKnownFileType = sourcecode.c.objc; path = BaseManagerViewController.m; sourceTree = "<group>"; };
		BFAD2EA1171BA2350044262E /* BaseManagerView.h */ = {isa = PBXFileReference; fileEncoding = 4; lastKnownFileType = sourcecode.c.h; path = BaseManagerView.h; sourceTree = "<group>"; };
		BFAD2EA2171BA2360044262E /* BaseManagerView.m */ = {isa = PBXFileReference; fileEncoding = 4; lastKnownFileType = sourcecode.c.objc; path = BaseManagerView.m; sourceTree = "<group>"; };
		BFE703351724F24A0030E255 /* CreditManagerViewController.h */ = {isa = PBXFileReference; fileEncoding = 4; lastKnownFileType = sourcecode.c.h; path = CreditManagerViewController.h; sourceTree = "<group>"; };
		BFE703361724F24B0030E255 /* CreditManagerViewController.m */ = {isa = PBXFileReference; fileEncoding = 4; lastKnownFileType = sourcecode.c.objc; path = CreditManagerViewController.m; sourceTree = "<group>"; };
		BFE703381724F29B0030E255 /* CreditManagerView.h */ = {isa = PBXFileReference; fileEncoding = 4; lastKnownFileType = sourcecode.c.h; path = CreditManagerView.h; sourceTree = "<group>"; };
		BFE703391724F29C0030E255 /* CreditManagerView.m */ = {isa = PBXFileReference; fileEncoding = 4; lastKnownFileType = sourcecode.c.objc; path = CreditManagerView.m; sourceTree = "<group>"; };
		BFF4C58A170544F50098A633 /* AgencyManagerViewController.h */ = {isa = PBXFileReference; fileEncoding = 4; lastKnownFileType = sourcecode.c.h; path = AgencyManagerViewController.h; sourceTree = "<group>"; };
		BFF4C58B170544F50098A633 /* AgencyManagerViewController.m */ = {isa = PBXFileReference; fileEncoding = 4; lastKnownFileType = sourcecode.c.objc; path = AgencyManagerViewController.m; sourceTree = "<group>"; };
		BFF4C58D1705450E0098A633 /* AgencyManagerView.h */ = {isa = PBXFileReference; fileEncoding = 4; lastKnownFileType = sourcecode.c.h; path = AgencyManagerView.h; sourceTree = "<group>"; };
		BFF4C58E1705450E0098A633 /* AgencyManagerView.m */ = {isa = PBXFileReference; fileEncoding = 4; lastKnownFileType = sourcecode.c.objc; path = AgencyManagerView.m; sourceTree = "<group>"; };
		BFF4C590170546080098A633 /* ManagerTextField.h */ = {isa = PBXFileReference; fileEncoding = 4; lastKnownFileType = sourcecode.c.h; path = ManagerTextField.h; sourceTree = "<group>"; };
		BFF4C591170546080098A633 /* ManagerTextField.m */ = {isa = PBXFileReference; fileEncoding = 4; lastKnownFileType = sourcecode.c.objc; path = ManagerTextField.m; sourceTree = "<group>"; };
		BFF4C593170549D50098A633 /* ManagerComboBox.h */ = {isa = PBXFileReference; fileEncoding = 4; lastKnownFileType = sourcecode.c.h; path = ManagerComboBox.h; sourceTree = "<group>"; };
		BFF4C594170549D50098A633 /* ManagerComboBox.m */ = {isa = PBXFileReference; fileEncoding = 4; lastKnownFileType = sourcecode.c.objc; path = ManagerComboBox.m; sourceTree = "<group>"; };
		BFF4C59717054B980098A633 /* ManagerLabel.h */ = {isa = PBXFileReference; fileEncoding = 4; lastKnownFileType = sourcecode.c.h; path = ManagerLabel.h; sourceTree = "<group>"; };
		BFF4C59817054B980098A633 /* ManagerLabel.m */ = {isa = PBXFileReference; fileEncoding = 4; lastKnownFileType = sourcecode.c.objc; path = ManagerLabel.m; sourceTree = "<group>"; };
		BFF4C59A1705525E0098A633 /* ManagerEngine.h */ = {isa = PBXFileReference; fileEncoding = 4; lastKnownFileType = sourcecode.c.h; path = ManagerEngine.h; sourceTree = "<group>"; };
		BFF4C59B1705525E0098A633 /* ManagerEngine.m */ = {isa = PBXFileReference; fileEncoding = 4; lastKnownFileType = sourcecode.c.objc; path = ManagerEngine.m; sourceTree = "<group>"; };
		BFF4C59D170553900098A633 /* ManagerFieldContainer.h */ = {isa = PBXFileReference; fileEncoding = 4; lastKnownFileType = sourcecode.c.h; path = ManagerFieldContainer.h; sourceTree = "<group>"; };
		BFF4C59E170553910098A633 /* ManagerFieldContainer.m */ = {isa = PBXFileReference; fileEncoding = 4; lastKnownFileType = sourcecode.c.objc; path = ManagerFieldContainer.m; sourceTree = "<group>"; };
		BFF4C5A11707A5B20098A633 /* EntryManagerViewController.h */ = {isa = PBXFileReference; fileEncoding = 4; lastKnownFileType = sourcecode.c.h; path = EntryManagerViewController.h; sourceTree = "<group>"; };
		BFF4C5A21707A5B30098A633 /* EntryManagerViewController.m */ = {isa = PBXFileReference; fileEncoding = 4; lastKnownFileType = sourcecode.c.objc; path = EntryManagerViewController.m; sourceTree = "<group>"; };
		BFF4C5A41707A5DE0098A633 /* EntryManagerView.h */ = {isa = PBXFileReference; fileEncoding = 4; lastKnownFileType = sourcecode.c.h; path = EntryManagerView.h; sourceTree = "<group>"; };
		BFF4C5A51707A5DF0098A633 /* EntryManagerView.m */ = {isa = PBXFileReference; fileEncoding = 4; lastKnownFileType = sourcecode.c.objc; path = EntryManagerView.m; sourceTree = "<group>"; };
		BFF4C5A71707C2010098A633 /* ManagerTextAreaField.h */ = {isa = PBXFileReference; fileEncoding = 4; lastKnownFileType = sourcecode.c.h; path = ManagerTextAreaField.h; sourceTree = "<group>"; };
		BFF4C5A81707C2010098A633 /* ManagerTextAreaField.m */ = {isa = PBXFileReference; fileEncoding = 4; lastKnownFileType = sourcecode.c.objc; path = ManagerTextAreaField.m; sourceTree = "<group>"; };
		BFF4C5AA1708FEB90098A633 /* ManagerActionBar.h */ = {isa = PBXFileReference; fileEncoding = 4; lastKnownFileType = sourcecode.c.h; path = ManagerActionBar.h; sourceTree = "<group>"; };
		BFF4C5AB1708FEBA0098A633 /* ManagerActionBar.m */ = {isa = PBXFileReference; fileEncoding = 4; lastKnownFileType = sourcecode.c.objc; path = ManagerActionBar.m; sourceTree = "<group>"; };
		BFF4C5AD170902E10098A633 /* ManagerButton.h */ = {isa = PBXFileReference; fileEncoding = 4; lastKnownFileType = sourcecode.c.h; path = ManagerButton.h; sourceTree = "<group>"; };
		BFF4C5AE170902E20098A633 /* ManagerButton.m */ = {isa = PBXFileReference; fileEncoding = 4; lastKnownFileType = sourcecode.c.objc; path = ManagerButton.m; sourceTree = "<group>"; };
/* End PBXFileReference section */

/* Begin PBXFrameworksBuildPhase section */
		BF8D841D16F7EEA3006906D8 /* Frameworks */ = {
			isa = PBXFrameworksBuildPhase;
			buildActionMask = 2147483647;
			files = (
				BF8D844116F7F746006906D8 /* libsqlite3.0.dylib in Frameworks */,
				BF8D842416F7EEA4006906D8 /* Cocoa.framework in Frameworks */,
			);
			runOnlyForDeploymentPostprocessing = 0;
		};
/* End PBXFrameworksBuildPhase section */

/* Begin PBXGroup section */
		BF00109D16FEAD0A007B8A80 /* Model */ = {
			isa = PBXGroup;
			children = (
				BF62E8C4173DC98200B75C07 /* Engine */,
				BF0010A716FEBDD7007B8A80 /* AgencyModel.h */,
				BF0010A816FEBDD7007B8A80 /* AgencyModel.m */,
				BF0010AA16FEBEBC007B8A80 /* GroupModel.h */,
				BF0010AB16FEBEBC007B8A80 /* GroupModel.m */,
				BF0010AD16FECBDF007B8A80 /* CountryModel.h */,
				BF0010AE16FECBE0007B8A80 /* CountryModel.m */,
				BF0010B016FF21C1007B8A80 /* MetalModel.h */,
				BF0010B116FF21C1007B8A80 /* MetalModel.m */,
				BF0010B616FF252A007B8A80 /* ClientModel.h */,
				BF0010B716FF252A007B8A80 /* ClientModel.m */,
				BF0010B916FF2727007B8A80 /* ProductModel.h */,
				BF0010BA16FF2727007B8A80 /* ProductModel.m */,
				BF0010BC16FF30C2007B8A80 /* RoleModel.h */,
				BF0010BD16FF30C3007B8A80 /* RoleModel.m */,
				BF0010BF16FF32D4007B8A80 /* CategoryModel.h */,
				BF0010C016FF32D4007B8A80 /* CategoryModel.m */,
				BF0010C216FF3416007B8A80 /* SubcategoryModel.h */,
				BF0010C316FF3417007B8A80 /* SubcategoryModel.m */,
				BF0010C516FF362C007B8A80 /* DisciplineModel.h */,
				BF0010C616FF362D007B8A80 /* DisciplineModel.m */,
				BF0010C816FF385F007B8A80 /* PersonModel.h */,
				BF0010C916FF3860007B8A80 /* PersonModel.m */,
				BF0010B316FF230D007B8A80 /* ProducerModel.h */,
				BF0010B416FF230E007B8A80 /* ProducerModel.m */,
				BF0010CB16FF3BAF007B8A80 /* FestivalModel.h */,
				BF0010CC16FF3BB0007B8A80 /* FestivalModel.m */,
				BF0010CE16FF9C44007B8A80 /* EntryModel.h */,
				BF0010CF16FF9C45007B8A80 /* EntryModel.m */,
				BF0010D116FFA05F007B8A80 /* AwardModel.h */,
				BF0010D216FFA060007B8A80 /* AwardModel.m */,
				BF0010D416FFA577007B8A80 /* CreditModel.h */,
				BF0010D516FFA578007B8A80 /* CreditModel.m */,
				BF0010D71700CC95007B8A80 /* ProducerCreditModel.h */,
				BF0010D81700CCA4007B8A80 /* ProducerCreditModel.m */,
				BF0010DA1700F8B1007B8A80 /* AnnotationModel.h */,
				BF0010DB1700F8B9007B8A80 /* AnnotationModel.m */,
				BF0010DD1701280C007B8A80 /* UserModel.h */,
				BF0010DE1701280E007B8A80 /* UserModel.m */,
				BF0010E017012BA4007B8A80 /* CalendarTypeModel.h */,
				BF0010E117012BA6007B8A80 /* CalendarTypeModel.m */,
				BF0010E317012CD7007B8A80 /* CalendarModel.h */,
				BF0010E417012CD8007B8A80 /* CalendarModel.m */,
			);
			name = Model;
			sourceTree = "<group>";
		};
		BF46CF5F170391EB009AACA8 /* ContentManager */ = {
			isa = PBXGroup;
			children = (
				BFD3A373173DB8F10015E04F /* View */,
				BFF4C5A01705539A0098A633 /* Engine */,
				BFF4C5A11707A5B20098A633 /* EntryManagerViewController.h */,
				BFF4C5A21707A5B30098A633 /* EntryManagerViewController.m */,
				BFF4C58A170544F50098A633 /* AgencyManagerViewController.h */,
				BFF4C58B170544F50098A633 /* AgencyManagerViewController.m */,
				BF2F329F172DFFEF00C0CB1B /* EntryManagerCompleteViewController.h */,
				BF2F32A0172DFFEF00C0CB1B /* EntryManagerCompleteViewController.m */,
				BF2F32A5172E0B7A00C0CB1B /* CreditManagerListViewController.h */,
				BF2F32A6172E0B7C00C0CB1B /* CreditManagerListViewController.m */,
				BF302ACF173DF57500195DE8 /* ProducerCreditManagerListViewController.h */,
				BF302AD0173DF57500195DE8 /* ProducerCreditManagerListViewController.m */,
				BFE703351724F24A0030E255 /* CreditManagerViewController.h */,
				BFE703361724F24B0030E255 /* CreditManagerViewController.m */,
				BF62E8BE173DC05E00B75C07 /* ProducerCreditManagerViewController.h */,
				BF62E8BF173DC05E00B75C07 /* ProducerCreditManagerViewController.m */,
			);
			name = ContentManager;
			sourceTree = "<group>";
		};
		BF62E8C4173DC98200B75C07 /* Engine */ = {
			isa = PBXGroup;
			children = (
				BF0010A116FEADA6007B8A80 /* BaseModel.h */,
				BF0010A216FEADA6007B8A80 /* BaseModel.m */,
				BF00109E16FEAD3D007B8A80 /* TableModel.h */,
				BF00109F16FEAD3D007B8A80 /* TableModel.m */,
				BF0010A416FEB3DE007B8A80 /* ColumnModel.h */,
				BF0010A516FEB3DE007B8A80 /* ColumnModel.m */,
			);
			name = Engine;
			sourceTree = "<group>";
		};
		BF8D841716F7EEA2006906D8 = {
			isa = PBXGroup;
			children = (
				BF8D844016F7F746006906D8 /* libsqlite3.0.dylib */,
				BF8D842916F7EEA4006906D8 /* CreativeDB */,
				BF8D842216F7EEA4006906D8 /* Frameworks */,
				BF8D842116F7EEA4006906D8 /* Products */,
			);
			sourceTree = "<group>";
		};
		BF8D842116F7EEA4006906D8 /* Products */ = {
			isa = PBXGroup;
			children = (
				BF8D842016F7EEA4006906D8 /* CreativeDB.app */,
			);
			name = Products;
			sourceTree = "<group>";
		};
		BF8D842216F7EEA4006906D8 /* Frameworks */ = {
			isa = PBXGroup;
			children = (
				BF8D842316F7EEA4006906D8 /* Cocoa.framework */,
				BF8D842516F7EEA4006906D8 /* Other Frameworks */,
			);
			name = Frameworks;
			sourceTree = "<group>";
		};
		BF8D842516F7EEA4006906D8 /* Other Frameworks */ = {
			isa = PBXGroup;
			children = (
				BF8D842616F7EEA4006906D8 /* AppKit.framework */,
				BF8D842716F7EEA4006906D8 /* CoreData.framework */,
				BF8D842816F7EEA4006906D8 /* Foundation.framework */,
			);
			name = "Other Frameworks";
			sourceTree = "<group>";
		};
		BF8D842916F7EEA4006906D8 /* CreativeDB */ = {
			isa = PBXGroup;
			children = (
				BF46CF5F170391EB009AACA8 /* ContentManager */,
				BF00109D16FEAD0A007B8A80 /* Model */,
				BF8D845A16F7FABC006906D8 /* Utils */,
				BF8D845416F7F81C006906D8 /* DAO */,
				BF8D844216F7F7A8006906D8 /* FMDB */,
				BF8D843516F7EEA5006906D8 /* AppDelegate.h */,
				BF8D843616F7EEA5006906D8 /* AppDelegate.m */,
				BF8D843816F7EEA5006906D8 /* MainMenu.xib */,
				BF8D842A16F7EEA4006906D8 /* Supporting Files */,
			);
			path = CreativeDB;
			sourceTree = "<group>";
		};
		BF8D842A16F7EEA4006906D8 /* Supporting Files */ = {
			isa = PBXGroup;
			children = (
				BF8D845816F7F85D006906D8 /* CreativeDB.sqlite */,
				BF8D842B16F7EEA4006906D8 /* CreativeDB-Info.plist */,
				BF8D842C16F7EEA4006906D8 /* InfoPlist.strings */,
				BF8D842F16F7EEA4006906D8 /* main.m */,
				BF8D843116F7EEA4006906D8 /* CreativeDB-Prefix.pch */,
				BF8D843216F7EEA5006906D8 /* Credits.rtf */,
			);
			name = "Supporting Files";
			sourceTree = "<group>";
		};
		BF8D844216F7F7A8006906D8 /* FMDB */ = {
			isa = PBXGroup;
			children = (
				BF8D844316F7F7BC006906D8 /* FMDatabase.h */,
				BF8D844416F7F7BC006906D8 /* FMDatabase.m */,
				BF8D844516F7F7BC006906D8 /* FMDatabaseAdditions.h */,
				BF8D844616F7F7BC006906D8 /* FMDatabaseAdditions.m */,
				BF8D844716F7F7BC006906D8 /* FMDatabasePool.h */,
				BF8D844816F7F7BC006906D8 /* FMDatabasePool.m */,
				BF8D844916F7F7BC006906D8 /* FMDatabaseQueue.h */,
				BF8D844A16F7F7BC006906D8 /* FMDatabaseQueue.m */,
				BF8D844C16F7F7BC006906D8 /* FMResultSet.h */,
				BF8D844D16F7F7BC006906D8 /* FMResultSet.m */,
			);
			name = FMDB;
			sourceTree = "<group>";
		};
		BF8D845416F7F81C006906D8 /* DAO */ = {
			isa = PBXGroup;
			children = (
				BF8D845516F7F82F006906D8 /* FMDBDataAccess.h */,
				BF8D845616F7F82F006906D8 /* FMDBDataAccess.m */,
			);
			name = DAO;
			sourceTree = "<group>";
		};
		BF8D845A16F7FABC006906D8 /* Utils */ = {
			isa = PBXGroup;
			children = (
				BF8D845D16F7FAD5006906D8 /* SORelativeDateTransformer.bundle */,
				BF8D845E16F7FAD5006906D8 /* SORelativeDateTransformer.h */,
				BF8D845F16F7FAD5006906D8 /* SORelativeDateTransformer.m */,
			);
			name = Utils;
			sourceTree = "<group>";
		};
		BFD3A373173DB8F10015E04F /* View */ = {
			isa = PBXGroup;
			children = (
				BF2F32A2172E049A00C0CB1B /* EntryManagerCompleteView.h */,
				BF2F32A3172E049A00C0CB1B /* EntryManagerCompleteView.m */,
				BFF4C58D1705450E0098A633 /* AgencyManagerView.h */,
				BFF4C58E1705450E0098A633 /* AgencyManagerView.m */,
				BFF4C5A41707A5DE0098A633 /* EntryManagerView.h */,
				BFF4C5A51707A5DF0098A633 /* EntryManagerView.m */,
				BF2F32A8172E0F8200C0CB1B /* CreditManagerListView.h */,
				BF2F32A9172E0F8300C0CB1B /* CreditManagerListView.m */,
				BF302AD2173DF65700195DE8 /* ProducerCreditManagerListView.h */,
				BF302AD3173DF65700195DE8 /* ProducerCreditManagerListView.m */,
				BFE703381724F29B0030E255 /* CreditManagerView.h */,
				BFE703391724F29C0030E255 /* CreditManagerView.m */,
				BF62E8C1173DC0AE00B75C07 /* ProducerCreditManagerView.h */,
				BF62E8C2173DC0AE00B75C07 /* ProducerCreditManagerView.m */,
			);
			name = View;
			sourceTree = "<group>";
		};
		BFF4C5A01705539A0098A633 /* Engine */ = {
			isa = PBXGroup;
			children = (
				BFF4C59A1705525E0098A633 /* ManagerEngine.h */,
				BFF4C59B1705525E0098A633 /* ManagerEngine.m */,
				BFF4C590170546080098A633 /* ManagerTextField.h */,
				BFF4C591170546080098A633 /* ManagerTextField.m */,
				BFF4C593170549D50098A633 /* ManagerComboBox.h */,
				BFF4C594170549D50098A633 /* ManagerComboBox.m */,
				BFF4C59717054B980098A633 /* ManagerLabel.h */,
				BFF4C59817054B980098A633 /* ManagerLabel.m */,
				BFF4C59D170553900098A633 /* ManagerFieldContainer.h */,
				BFF4C59E170553910098A633 /* ManagerFieldContainer.m */,
				BFF4C5A71707C2010098A633 /* ManagerTextAreaField.h */,
				BFF4C5A81707C2010098A633 /* ManagerTextAreaField.m */,
				BFF4C5AA1708FEB90098A633 /* ManagerActionBar.h */,
				BFF4C5AB1708FEBA0098A633 /* ManagerActionBar.m */,
				BFF4C5AD170902E10098A633 /* ManagerButton.h */,
				BFF4C5AE170902E20098A633 /* ManagerButton.m */,
				BFAD2E9E171B9ADF0044262E /* BaseManagerViewController.h */,
				BFAD2E9F171B9AE00044262E /* BaseManagerViewController.m */,
				BFAD2EA1171BA2350044262E /* BaseManagerView.h */,
				BFAD2EA2171BA2360044262E /* BaseManagerView.m */,
				BF2F3299172DEF9E00C0CB1B /* BaseManagerListViewController.h */,
				BF2F329A172DEF9E00C0CB1B /* BaseManagerListViewController.m */,
			);
			name = Engine;
			sourceTree = "<group>";
		};
/* End PBXGroup section */

/* Begin PBXNativeTarget section */
		BF8D841F16F7EEA3006906D8 /* CreativeDB */ = {
			isa = PBXNativeTarget;
			buildConfigurationList = BF8D843D16F7EEA6006906D8 /* Build configuration list for PBXNativeTarget "CreativeDB" */;
			buildPhases = (
				BF8D841C16F7EEA3006906D8 /* Sources */,
				BF8D841D16F7EEA3006906D8 /* Frameworks */,
				BF8D841E16F7EEA3006906D8 /* Resources */,
			);
			buildRules = (
			);
			dependencies = (
			);
			name = CreativeDB;
			productName = CreativeDB;
			productReference = BF8D842016F7EEA4006906D8 /* CreativeDB.app */;
			productType = "com.apple.product-type.application";
		};
/* End PBXNativeTarget section */

/* Begin PBXProject section */
		BF8D841816F7EEA3006906D8 /* Project object */ = {
			isa = PBXProject;
			attributes = {
				LastUpgradeCheck = 0460;
				ORGANIZATIONNAME = Cacau;
			};
			buildConfigurationList = BF8D841B16F7EEA3006906D8 /* Build configuration list for PBXProject "CreativeDB" */;
			compatibilityVersion = "Xcode 3.2";
			developmentRegion = English;
			hasScannedForEncodings = 0;
			knownRegions = (
				en,
			);
			mainGroup = BF8D841716F7EEA2006906D8;
			productRefGroup = BF8D842116F7EEA4006906D8 /* Products */;
			projectDirPath = "";
			projectRoot = "";
			targets = (
				BF8D841F16F7EEA3006906D8 /* CreativeDB */,
			);
		};
/* End PBXProject section */

/* Begin PBXResourcesBuildPhase section */
		BF8D841E16F7EEA3006906D8 /* Resources */ = {
			isa = PBXResourcesBuildPhase;
			buildActionMask = 2147483647;
			files = (
				BF8D842E16F7EEA4006906D8 /* InfoPlist.strings in Resources */,
				BF8D843416F7EEA5006906D8 /* Credits.rtf in Resources */,
				BF8D843A16F7EEA5006906D8 /* MainMenu.xib in Resources */,
				BF8D845916F7F85D006906D8 /* CreativeDB.sqlite in Resources */,
				BF8D846116F7FAD5006906D8 /* SORelativeDateTransformer.bundle in Resources */,
			);
			runOnlyForDeploymentPostprocessing = 0;
		};
/* End PBXResourcesBuildPhase section */

/* Begin PBXSourcesBuildPhase section */
		BF8D841C16F7EEA3006906D8 /* Sources */ = {
			isa = PBXSourcesBuildPhase;
			buildActionMask = 2147483647;
			files = (
				BF8D843016F7EEA4006906D8 /* main.m in Sources */,
				BF8D843716F7EEA5006906D8 /* AppDelegate.m in Sources */,
				BF8D844E16F7F7BC006906D8 /* FMDatabase.m in Sources */,
				BF8D844F16F7F7BC006906D8 /* FMDatabaseAdditions.m in Sources */,
				BF8D845016F7F7BC006906D8 /* FMDatabasePool.m in Sources */,
				BF8D845116F7F7BC006906D8 /* FMDatabaseQueue.m in Sources */,
				BF8D845316F7F7BC006906D8 /* FMResultSet.m in Sources */,
				BF8D845716F7F82F006906D8 /* FMDBDataAccess.m in Sources */,
				BF8D846216F7FAD5006906D8 /* SORelativeDateTransformer.m in Sources */,
				BF0010A016FEAD3D007B8A80 /* TableModel.m in Sources */,
				BF0010A316FEADA6007B8A80 /* BaseModel.m in Sources */,
				BF0010A616FEB3DE007B8A80 /* ColumnModel.m in Sources */,
				BF0010A916FEBDD7007B8A80 /* AgencyModel.m in Sources */,
				BF0010AC16FEBEBC007B8A80 /* GroupModel.m in Sources */,
				BF0010AF16FECBE0007B8A80 /* CountryModel.m in Sources */,
				BF0010B216FF21C2007B8A80 /* MetalModel.m in Sources */,
				BF0010B516FF230E007B8A80 /* ProducerModel.m in Sources */,
				BF0010B816FF252B007B8A80 /* ClientModel.m in Sources */,
				BF0010BB16FF2728007B8A80 /* ProductModel.m in Sources */,
				BF0010BE16FF30C3007B8A80 /* RoleModel.m in Sources */,
				BF0010C116FF32D5007B8A80 /* CategoryModel.m in Sources */,
				BF0010C416FF3418007B8A80 /* SubcategoryModel.m in Sources */,
				BF0010C716FF362E007B8A80 /* DisciplineModel.m in Sources */,
				BF0010CA16FF3862007B8A80 /* PersonModel.m in Sources */,
				BF0010CD16FF3BB1007B8A80 /* FestivalModel.m in Sources */,
				BF0010D016FF9C46007B8A80 /* EntryModel.m in Sources */,
				BF0010D316FFA062007B8A80 /* AwardModel.m in Sources */,
				BF0010D616FFA57A007B8A80 /* CreditModel.m in Sources */,
				BF0010D91700CCB9007B8A80 /* ProducerCreditModel.m in Sources */,
				BF0010DC1700F8BE007B8A80 /* AnnotationModel.m in Sources */,
				BF0010DF1701281C007B8A80 /* UserModel.m in Sources */,
				BF0010E217012BA9007B8A80 /* CalendarTypeModel.m in Sources */,
				BF0010E517012CDC007B8A80 /* CalendarModel.m in Sources */,
				BFF4C58C170544F50098A633 /* AgencyManagerViewController.m in Sources */,
				BFF4C58F1705450E0098A633 /* AgencyManagerView.m in Sources */,
				BFF4C592170546080098A633 /* ManagerTextField.m in Sources */,
				BFF4C595170549D50098A633 /* ManagerComboBox.m in Sources */,
				BFF4C59917054B980098A633 /* ManagerLabel.m in Sources */,
				BFF4C59C1705525E0098A633 /* ManagerEngine.m in Sources */,
				BFF4C59F170553910098A633 /* ManagerFieldContainer.m in Sources */,
				BFF4C5A31707A5B30098A633 /* EntryManagerViewController.m in Sources */,
				BFF4C5A61707A5E40098A633 /* EntryManagerView.m in Sources */,
				BFF4C5A91707C2020098A633 /* ManagerTextAreaField.m in Sources */,
				BFF4C5AC1708FEBA0098A633 /* ManagerActionBar.m in Sources */,
				BFF4C5AF170902E30098A633 /* ManagerButton.m in Sources */,
				BFAD2EA0171B9AE20044262E /* BaseManagerViewController.m in Sources */,
				BFAD2EA3171BA2370044262E /* BaseManagerView.m in Sources */,
				BFE703371724F24C0030E255 /* CreditManagerViewController.m in Sources */,
				BFE7033A1724F29D0030E255 /* CreditManagerView.m in Sources */,
				BF2F329B172DEF9E00C0CB1B /* BaseManagerListViewController.m in Sources */,
				BF2F32A1172DFFF000C0CB1B /* EntryManagerCompleteViewController.m in Sources */,
				BF2F32A4172E049A00C0CB1B /* EntryManagerCompleteView.m in Sources */,
				BF2F32A7172E0B7E00C0CB1B /* CreditManagerListViewController.m in Sources */,
				BF2F32AA172E0F8600C0CB1B /* CreditManagerListView.m in Sources */,
				BF62E8C0173DC05E00B75C07 /* ProducerCreditManagerViewController.m in Sources */,
				BF62E8C3173DC0AE00B75C07 /* ProducerCreditManagerView.m in Sources */,
				BF302AD1173DF57500195DE8 /* ProducerCreditManagerListViewController.m in Sources */,
				BF302AD4173DF65700195DE8 /* ProducerCreditManagerListView.m in Sources */,
			);
			runOnlyForDeploymentPostprocessing = 0;
		};
/* End PBXSourcesBuildPhase section */

/* Begin PBXVariantGroup section */
		BF8D842C16F7EEA4006906D8 /* InfoPlist.strings */ = {
			isa = PBXVariantGroup;
			children = (
				BF8D842D16F7EEA4006906D8 /* en */,
			);
			name = InfoPlist.strings;
			sourceTree = "<group>";
		};
		BF8D843216F7EEA5006906D8 /* Credits.rtf */ = {
			isa = PBXVariantGroup;
			children = (
				BF8D843316F7EEA5006906D8 /* en */,
			);
			name = Credits.rtf;
			sourceTree = "<group>";
		};
		BF8D843816F7EEA5006906D8 /* MainMenu.xib */ = {
			isa = PBXVariantGroup;
			children = (
				BF8D843916F7EEA5006906D8 /* en */,
			);
			name = MainMenu.xib;
			sourceTree = "<group>";
		};
/* End PBXVariantGroup section */

/* Begin XCBuildConfiguration section */
		BF8D843B16F7EEA5006906D8 /* Debug */ = {
			isa = XCBuildConfiguration;
			buildSettings = {
				ALWAYS_SEARCH_USER_PATHS = NO;
				ARCHS = "$(ARCHS_STANDARD_64_BIT)";
				CLANG_CXX_LANGUAGE_STANDARD = "gnu++0x";
				CLANG_CXX_LIBRARY = "libc++";
				CLANG_ENABLE_OBJC_ARC = YES;
				CLANG_WARN_CONSTANT_CONVERSION = YES;
				CLANG_WARN_EMPTY_BODY = YES;
				CLANG_WARN_ENUM_CONVERSION = YES;
				CLANG_WARN_INT_CONVERSION = YES;
				CLANG_WARN__DUPLICATE_METHOD_MATCH = YES;
				COPY_PHASE_STRIP = NO;
				GCC_C_LANGUAGE_STANDARD = gnu99;
				GCC_DYNAMIC_NO_PIC = NO;
				GCC_ENABLE_OBJC_EXCEPTIONS = YES;
				GCC_OPTIMIZATION_LEVEL = 0;
				GCC_PREPROCESSOR_DEFINITIONS = (
					"DEBUG=1",
					"$(inherited)",
				);
				GCC_SYMBOLS_PRIVATE_EXTERN = NO;
				GCC_WARN_64_TO_32_BIT_CONVERSION = YES;
				GCC_WARN_ABOUT_RETURN_TYPE = YES;
				GCC_WARN_UNINITIALIZED_AUTOS = YES;
				GCC_WARN_UNUSED_VARIABLE = YES;
				MACOSX_DEPLOYMENT_TARGET = 10.7;
				ONLY_ACTIVE_ARCH = YES;
				SDKROOT = macosx;
			};
			name = Debug;
		};
		BF8D843C16F7EEA5006906D8 /* Release */ = {
			isa = XCBuildConfiguration;
			buildSettings = {
				ALWAYS_SEARCH_USER_PATHS = NO;
				ARCHS = "$(ARCHS_STANDARD_64_BIT)";
				CLANG_CXX_LANGUAGE_STANDARD = "gnu++0x";
				CLANG_CXX_LIBRARY = "libc++";
				CLANG_ENABLE_OBJC_ARC = YES;
				CLANG_WARN_CONSTANT_CONVERSION = YES;
				CLANG_WARN_EMPTY_BODY = YES;
				CLANG_WARN_ENUM_CONVERSION = YES;
				CLANG_WARN_INT_CONVERSION = YES;
				CLANG_WARN__DUPLICATE_METHOD_MATCH = YES;
				COPY_PHASE_STRIP = YES;
				DEBUG_INFORMATION_FORMAT = "dwarf-with-dsym";
				GCC_C_LANGUAGE_STANDARD = gnu99;
				GCC_ENABLE_OBJC_EXCEPTIONS = YES;
				GCC_WARN_64_TO_32_BIT_CONVERSION = YES;
				GCC_WARN_ABOUT_RETURN_TYPE = YES;
				GCC_WARN_UNINITIALIZED_AUTOS = YES;
				GCC_WARN_UNUSED_VARIABLE = YES;
				MACOSX_DEPLOYMENT_TARGET = 10.7;
				SDKROOT = macosx;
			};
			name = Release;
		};
		BF8D843E16F7EEA6006906D8 /* Debug */ = {
			isa = XCBuildConfiguration;
			buildSettings = {
				COMBINE_HIDPI_IMAGES = YES;
				FRAMEWORK_SEARCH_PATHS = (
					"$(inherited)",
					"\"$(SRCROOT)\"",
				);
				GCC_PRECOMPILE_PREFIX_HEADER = YES;
				GCC_PREFIX_HEADER = "CreativeDB/CreativeDB-Prefix.pch";
				INFOPLIST_FILE = "CreativeDB/CreativeDB-Info.plist";
				PRODUCT_NAME = "$(TARGET_NAME)";
				WRAPPER_EXTENSION = app;
			};
			name = Debug;
		};
		BF8D843F16F7EEA6006906D8 /* Release */ = {
			isa = XCBuildConfiguration;
			buildSettings = {
				COMBINE_HIDPI_IMAGES = YES;
				FRAMEWORK_SEARCH_PATHS = (
					"$(inherited)",
					"\"$(SRCROOT)\"",
				);
				GCC_PRECOMPILE_PREFIX_HEADER = YES;
				GCC_PREFIX_HEADER = "CreativeDB/CreativeDB-Prefix.pch";
				INFOPLIST_FILE = "CreativeDB/CreativeDB-Info.plist";
				PRODUCT_NAME = "$(TARGET_NAME)";
				WRAPPER_EXTENSION = app;
			};
			name = Release;
		};
/* End XCBuildConfiguration section */

/* Begin XCConfigurationList section */
		BF8D841B16F7EEA3006906D8 /* Build configuration list for PBXProject "CreativeDB" */ = {
			isa = XCConfigurationList;
			buildConfigurations = (
				BF8D843B16F7EEA5006906D8 /* Debug */,
				BF8D843C16F7EEA5006906D8 /* Release */,
			);
			defaultConfigurationIsVisible = 0;
			defaultConfigurationName = Release;
		};
		BF8D843D16F7EEA6006906D8 /* Build configuration list for PBXNativeTarget "CreativeDB" */ = {
			isa = XCConfigurationList;
			buildConfigurations = (
				BF8D843E16F7EEA6006906D8 /* Debug */,
				BF8D843F16F7EEA6006906D8 /* Release */,
			);
			defaultConfigurationIsVisible = 0;
			defaultConfigurationName = Release;
		};
/* End XCConfigurationList section */
	};
	rootObject = BF8D841816F7EEA3006906D8 /* Project object */;
}
