// !$*UTF8*$!
{
	archiveVersion = 1;
	classes = {
	};
	objectVersion = 46;
	objects = {

/* Begin PBXBuildFile section */
		BF0010A016FEAD3D007B8A80 /* TableModel.m in Sources */ = {isa = PBXBuildFile; fileRef = BF00109F16FEAD3D007B8A80 /* TableModel.m */; };
		BF0010A316FEADA6007B8A80 /* BaseModel.m in Sources */ = {isa = PBXBuildFile; fileRef = BF0010A216FEADA6007B8A80 /* BaseModel.m */; };
		BF0010A616FEB3DE007B8A80 /* ColumnModel.m in Sources */ = {isa = PBXBuildFile; fileRef = BF0010A516FEB3DE007B8A80 /* ColumnModel.m */; };
		BF0010A916FEBDD7007B8A80 /* AgencyModel.m in Sources */ = {isa = PBXBuildFile; fileRef = BF0010A816FEBDD7007B8A80 /* AgencyModel.m */; };
		BF0010AC16FEBEBC007B8A80 /* GroupModel.m in Sources */ = {isa = PBXBuildFile; fileRef = BF0010AB16FEBEBC007B8A80 /* GroupModel.m */; };
		BF0010AF16FECBE0007B8A80 /* CountryModel.m in Sources */ = {isa = PBXBuildFile; fileRef = BF0010AE16FECBE0007B8A80 /* CountryModel.m */; };
		BF0010B216FF21C2007B8A80 /* MetalModel.m in Sources */ = {isa = PBXBuildFile; fileRef = BF0010B116FF21C1007B8A80 /* MetalModel.m */; };
		BF0010B516FF230E007B8A80 /* ProducerModel.m in Sources */ = {isa = PBXBuildFile; fileRef = BF0010B416FF230E007B8A80 /* ProducerModel.m */; };
		BF0010B816FF252B007B8A80 /* ClientModel.m in Sources */ = {isa = PBXBuildFile; fileRef = BF0010B716FF252A007B8A80 /* ClientModel.m */; };
		BF0010BB16FF2728007B8A80 /* ProductModel.m in Sources */ = {isa = PBXBuildFile; fileRef = BF0010BA16FF2727007B8A80 /* ProductModel.m */; };
		BF0010BE16FF30C3007B8A80 /* RoleModel.m in Sources */ = {isa = PBXBuildFile; fileRef = BF0010BD16FF30C3007B8A80 /* RoleModel.m */; };
		BF0010C116FF32D5007B8A80 /* CategoryModel.m in Sources */ = {isa = PBXBuildFile; fileRef = BF0010C016FF32D4007B8A80 /* CategoryModel.m */; };
		BF0010C416FF3418007B8A80 /* SubcategoryModel.m in Sources */ = {isa = PBXBuildFile; fileRef = BF0010C316FF3417007B8A80 /* SubcategoryModel.m */; };
		BF0010C716FF362E007B8A80 /* DisciplineModel.m in Sources */ = {isa = PBXBuildFile; fileRef = BF0010C616FF362D007B8A80 /* DisciplineModel.m */; };
		BF0010CA16FF3862007B8A80 /* PersonModel.m in Sources */ = {isa = PBXBuildFile; fileRef = BF0010C916FF3860007B8A80 /* PersonModel.m */; };
		BF0010CD16FF3BB1007B8A80 /* FestivalModel.m in Sources */ = {isa = PBXBuildFile; fileRef = BF0010CC16FF3BB0007B8A80 /* FestivalModel.m */; };
		BF0010D016FF9C46007B8A80 /* EntryModel.m in Sources */ = {isa = PBXBuildFile; fileRef = BF0010CF16FF9C45007B8A80 /* EntryModel.m */; };
		BF0010D316FFA062007B8A80 /* AwardModel.m in Sources */ = {isa = PBXBuildFile; fileRef = BF0010D216FFA060007B8A80 /* AwardModel.m */; };
		BF0010D616FFA57A007B8A80 /* CreditModel.m in Sources */ = {isa = PBXBuildFile; fileRef = BF0010D516FFA578007B8A80 /* CreditModel.m */; };
		BF0010D91700CCB9007B8A80 /* ProducerCreditModel.m in Sources */ = {isa = PBXBuildFile; fileRef = BF0010D81700CCA4007B8A80 /* ProducerCreditModel.m */; };
		BF0010DC1700F8BE007B8A80 /* AnnotationModel.m in Sources */ = {isa = PBXBuildFile; fileRef = BF0010DB1700F8B9007B8A80 /* AnnotationModel.m */; };
		BF0010DF1701281C007B8A80 /* UserModel.m in Sources */ = {isa = PBXBuildFile; fileRef = BF0010DE1701280E007B8A80 /* UserModel.m */; };
		BF0010E217012BA9007B8A80 /* CalendarTypeModel.m in Sources */ = {isa = PBXBuildFile; fileRef = BF0010E117012BA6007B8A80 /* CalendarTypeModel.m */; };
		BF0010E517012CDC007B8A80 /* CalendarModel.m in Sources */ = {isa = PBXBuildFile; fileRef = BF0010E417012CD8007B8A80 /* CalendarModel.m */; };
		BF1787F117498D1000057FF4 /* MenuManagerViewController.m in Sources */ = {isa = PBXBuildFile; fileRef = BF1787F017498D0F00057FF4 /* MenuManagerViewController.m */; };
		BF1787F717498F5900057FF4 /* MainManagerViewController.m in Sources */ = {isa = PBXBuildFile; fileRef = BF1787F617498F5900057FF4 /* MainManagerViewController.m */; };
		BF1787FD1749928B00057FF4 /* ManagerMenuButton.m in Sources */ = {isa = PBXBuildFile; fileRef = BF1787FC1749928A00057FF4 /* ManagerMenuButton.m */; };
		BF1788001749A4DC00057FF4 /* AgencyManagerListViewController.m in Sources */ = {isa = PBXBuildFile; fileRef = BF1787FF1749A4DC00057FF4 /* AgencyManagerListViewController.m */; };
		BF2F329B172DEF9E00C0CB1B /* BaseManagerListViewController.m in Sources */ = {isa = PBXBuildFile; fileRef = BF2F329A172DEF9E00C0CB1B /* BaseManagerListViewController.m */; };
		BF2F32A1172DFFF000C0CB1B /* EntryManagerCompleteViewController.m in Sources */ = {isa = PBXBuildFile; fileRef = BF2F32A0172DFFEF00C0CB1B /* EntryManagerCompleteViewController.m */; };
		BF2F32A7172E0B7E00C0CB1B /* CreditManagerListViewController.m in Sources */ = {isa = PBXBuildFile; fileRef = BF2F32A6172E0B7C00C0CB1B /* CreditManagerListViewController.m */; };
		BF302AD1173DF57500195DE8 /* ProducerCreditManagerListViewController.m in Sources */ = {isa = PBXBuildFile; fileRef = BF302AD0173DF57500195DE8 /* ProducerCreditManagerListViewController.m */; };
		BF302AD7173F2B3900195DE8 /* EntryManagerCompleteScrollView.m in Sources */ = {isa = PBXBuildFile; fileRef = BF302AD6173F2B3600195DE8 /* EntryManagerCompleteScrollView.m */; };
		BF62E8C0173DC05E00B75C07 /* ProducerCreditManagerViewController.m in Sources */ = {isa = PBXBuildFile; fileRef = BF62E8BF173DC05E00B75C07 /* ProducerCreditManagerViewController.m */; };
		BF62E8C3173DC0AE00B75C07 /* ProducerCreditManagerView.m in Sources */ = {isa = PBXBuildFile; fileRef = BF62E8C2173DC0AE00B75C07 /* ProducerCreditManagerView.m */; };
		BF6A81BD1741903A00F8557E /* AwardManagerListViewController.m in Sources */ = {isa = PBXBuildFile; fileRef = BF6A81BC1741903A00F8557E /* AwardManagerListViewController.m */; };
		BF6A81C41741959200F8557E /* BaseManagerListView.m in Sources */ = {isa = PBXBuildFile; fileRef = BF6A81C31741959200F8557E /* BaseManagerListView.m */; };
		BF8D842416F7EEA4006906D8 /* Cocoa.framework in Frameworks */ = {isa = PBXBuildFile; fileRef = BF8D842316F7EEA4006906D8 /* Cocoa.framework */; };
		BF8D842E16F7EEA4006906D8 /* InfoPlist.strings in Resources */ = {isa = PBXBuildFile; fileRef = BF8D842C16F7EEA4006906D8 /* InfoPlist.strings */; };
		BF8D843016F7EEA4006906D8 /* main.m in Sources */ = {isa = PBXBuildFile; fileRef = BF8D842F16F7EEA4006906D8 /* main.m */; };
		BF8D843416F7EEA5006906D8 /* Credits.rtf in Resources */ = {isa = PBXBuildFile; fileRef = BF8D843216F7EEA5006906D8 /* Credits.rtf */; };
		BF8D843716F7EEA5006906D8 /* AppDelegate.m in Sources */ = {isa = PBXBuildFile; fileRef = BF8D843616F7EEA5006906D8 /* AppDelegate.m */; };
		BF8D843A16F7EEA5006906D8 /* MainMenu.xib in Resources */ = {isa = PBXBuildFile; fileRef = BF8D843816F7EEA5006906D8 /* MainMenu.xib */; };
		BF8D844116F7F746006906D8 /* libsqlite3.0.dylib in Frameworks */ = {isa = PBXBuildFile; fileRef = BF8D844016F7F746006906D8 /* libsqlite3.0.dylib */; };
		BF8D844E16F7F7BC006906D8 /* FMDatabase.m in Sources */ = {isa = PBXBuildFile; fileRef = BF8D844416F7F7BC006906D8 /* FMDatabase.m */; };
		BF8D844F16F7F7BC006906D8 /* FMDatabaseAdditions.m in Sources */ = {isa = PBXBuildFile; fileRef = BF8D844616F7F7BC006906D8 /* FMDatabaseAdditions.m */; };
		BF8D845016F7F7BC006906D8 /* FMDatabasePool.m in Sources */ = {isa = PBXBuildFile; fileRef = BF8D844816F7F7BC006906D8 /* FMDatabasePool.m */; };
		BF8D845116F7F7BC006906D8 /* FMDatabaseQueue.m in Sources */ = {isa = PBXBuildFile; fileRef = BF8D844A16F7F7BC006906D8 /* FMDatabaseQueue.m */; };
		BF8D845316F7F7BC006906D8 /* FMResultSet.m in Sources */ = {isa = PBXBuildFile; fileRef = BF8D844D16F7F7BC006906D8 /* FMResultSet.m */; };
		BF8D845716F7F82F006906D8 /* FMDBDataAccess.m in Sources */ = {isa = PBXBuildFile; fileRef = BF8D845616F7F82F006906D8 /* FMDBDataAccess.m */; };
		BF8D845916F7F85D006906D8 /* CreativeDB.sqlite in Resources */ = {isa = PBXBuildFile; fileRef = BF8D845816F7F85D006906D8 /* CreativeDB.sqlite */; };
		BF8D846116F7FAD5006906D8 /* SORelativeDateTransformer.bundle in Resources */ = {isa = PBXBuildFile; fileRef = BF8D845D16F7FAD5006906D8 /* SORelativeDateTransformer.bundle */; };
		BF8D846216F7FAD5006906D8 /* SORelativeDateTransformer.m in Sources */ = {isa = PBXBuildFile; fileRef = BF8D845F16F7FAD5006906D8 /* SORelativeDateTransformer.m */; };
		BFAD2EA0171B9AE20044262E /* BaseManagerViewController.m in Sources */ = {isa = PBXBuildFile; fileRef = BFAD2E9F171B9AE00044262E /* BaseManagerViewController.m */; };
		BFAD2EA3171BA2370044262E /* BaseManagerView.m in Sources */ = {isa = PBXBuildFile; fileRef = BFAD2EA2171BA2360044262E /* BaseManagerView.m */; };
		BFBC5EB6174E771E0004E022 /* AgencyManagerCompleteViewController.m in Sources */ = {isa = PBXBuildFile; fileRef = BFBC5EB5174E771E0004E022 /* AgencyManagerCompleteViewController.m */; };
		BFBC5EB9174E77400004E022 /* BaseManagerCompleteViewController.m in Sources */ = {isa = PBXBuildFile; fileRef = BFBC5EB8174E77400004E022 /* BaseManagerCompleteViewController.m */; };
		BFBC5EBC174E77E50004E022 /* BaseLayeredView.m in Sources */ = {isa = PBXBuildFile; fileRef = BFBC5EBB174E77E50004E022 /* BaseLayeredView.m */; };
		BFBC5EC5174E83B40004E022 /* ClientManagerCompleteViewController.m in Sources */ = {isa = PBXBuildFile; fileRef = BFBC5EC4174E83B40004E022 /* ClientManagerCompleteViewController.m */; };
		BFBC5EC8174E85100004E022 /* ClientManagerViewController.m in Sources */ = {isa = PBXBuildFile; fileRef = BFBC5EC7174E850F0004E022 /* ClientManagerViewController.m */; };
		BFBC5ECB174E85360004E022 /* ClientManagerView.m in Sources */ = {isa = PBXBuildFile; fileRef = BFBC5ECA174E85360004E022 /* ClientManagerView.m */; };
		BFBC5ECE174E87030004E022 /* ClientManagerListViewController.m in Sources */ = {isa = PBXBuildFile; fileRef = BFBC5ECD174E87030004E022 /* ClientManagerListViewController.m */; };
		BFBC5ED1174EBABF0004E022 /* ProductManagerView.m in Sources */ = {isa = PBXBuildFile; fileRef = BFBC5ED0174EBABF0004E022 /* ProductManagerView.m */; };
		BFBC5ED4174EBE420004E022 /* ProductManagerViewController.m in Sources */ = {isa = PBXBuildFile; fileRef = BFBC5ED3174EBE410004E022 /* ProductManagerViewController.m */; };
		BFBC5ED7174EBF460004E022 /* ProductManagerListViewController.m in Sources */ = {isa = PBXBuildFile; fileRef = BFBC5ED6174EBF460004E022 /* ProductManagerListViewController.m */; };
		BFBC5EDA17506AA60004E022 /* PersonManagerCompleteViewController.m in Sources */ = {isa = PBXBuildFile; fileRef = BFBC5ED917506AA50004E022 /* PersonManagerCompleteViewController.m */; };
		BFBC5EDD17506BCF0004E022 /* PersonManagerViewController.m in Sources */ = {isa = PBXBuildFile; fileRef = BFBC5EDC17506BCB0004E022 /* PersonManagerViewController.m */; };
		BFBC5EE017506BF00004E022 /* PersonManagerView.m in Sources */ = {isa = PBXBuildFile; fileRef = BFBC5EDF17506BF00004E022 /* PersonManagerView.m */; };
		BFBC5EE317506DCA0004E022 /* PersonManagerListViewController.m in Sources */ = {isa = PBXBuildFile; fileRef = BFBC5EE217506DC90004E022 /* PersonManagerListViewController.m */; };
		BFBC5EE617518F2F0004E022 /* RoleManagerCompleteViewController.m in Sources */ = {isa = PBXBuildFile; fileRef = BFBC5EE517518F2E0004E022 /* RoleManagerCompleteViewController.m */; };
		BFBC5EE917518FC70004E022 /* RoleManagerViewController.m in Sources */ = {isa = PBXBuildFile; fileRef = BFBC5EE817518FC10004E022 /* RoleManagerViewController.m */; };
		BFBC5EEC17518FEB0004E022 /* RoleManagerListViewController.m in Sources */ = {isa = PBXBuildFile; fileRef = BFBC5EEB17518FEA0004E022 /* RoleManagerListViewController.m */; };
		BFBC5EEF1751900A0004E022 /* RoleManagerView.m in Sources */ = {isa = PBXBuildFile; fileRef = BFBC5EEE175190090004E022 /* RoleManagerView.m */; };
		BFBC5EF2175197C50004E022 /* ProducerManagerView.m in Sources */ = {isa = PBXBuildFile; fileRef = BFBC5EF1175197C50004E022 /* ProducerManagerView.m */; };
		BFBC5EF61751B38B0004E022 /* ProducerManagerViewController.m in Sources */ = {isa = PBXBuildFile; fileRef = BFBC5EF51751B38B0004E022 /* ProducerManagerViewController.m */; };
		BFBC5EF91751B4860004E022 /* ProducerManagerListViewController.m in Sources */ = {isa = PBXBuildFile; fileRef = BFBC5EF81751B4850004E022 /* ProducerManagerListViewController.m */; };
		BFBC5EFC1751B62F0004E022 /* ProducerManagerCompleteViewController.m in Sources */ = {isa = PBXBuildFile; fileRef = BFBC5EFB1751B62E0004E022 /* ProducerManagerCompleteViewController.m */; };
		BFBC5EFF175309820004E022 /* ManagerHeader.m in Sources */ = {isa = PBXBuildFile; fileRef = BFBC5EFE175309800004E022 /* ManagerHeader.m */; };
		BFBC5F02175409CB0004E022 /* ScoreModel.m in Sources */ = {isa = PBXBuildFile; fileRef = BFBC5F01175409CB0004E022 /* ScoreModel.m */; };
		BFE703371724F24C0030E255 /* CreditManagerViewController.m in Sources */ = {isa = PBXBuildFile; fileRef = BFE703361724F24B0030E255 /* CreditManagerViewController.m */; };
		BFE7033A1724F29D0030E255 /* CreditManagerView.m in Sources */ = {isa = PBXBuildFile; fileRef = BFE703391724F29C0030E255 /* CreditManagerView.m */; };
		BFF4C58C170544F50098A633 /* AgencyManagerViewController.m in Sources */ = {isa = PBXBuildFile; fileRef = BFF4C58B170544F50098A633 /* AgencyManagerViewController.m */; };
		BFF4C58F1705450E0098A633 /* AgencyManagerView.m in Sources */ = {isa = PBXBuildFile; fileRef = BFF4C58E1705450E0098A633 /* AgencyManagerView.m */; };
		BFF4C592170546080098A633 /* ManagerTextField.m in Sources */ = {isa = PBXBuildFile; fileRef = BFF4C591170546080098A633 /* ManagerTextField.m */; };
		BFF4C595170549D50098A633 /* ManagerComboBox.m in Sources */ = {isa = PBXBuildFile; fileRef = BFF4C594170549D50098A633 /* ManagerComboBox.m */; };
		BFF4C59917054B980098A633 /* ManagerLabel.m in Sources */ = {isa = PBXBuildFile; fileRef = BFF4C59817054B980098A633 /* ManagerLabel.m */; };
		BFF4C59C1705525E0098A633 /* ManagerEngine.m in Sources */ = {isa = PBXBuildFile; fileRef = BFF4C59B1705525E0098A633 /* ManagerEngine.m */; };
		BFF4C59F170553910098A633 /* ManagerFieldContainer.m in Sources */ = {isa = PBXBuildFile; fileRef = BFF4C59E170553910098A633 /* ManagerFieldContainer.m */; };
		BFF4C5A31707A5B30098A633 /* EntryManagerViewController.m in Sources */ = {isa = PBXBuildFile; fileRef = BFF4C5A21707A5B30098A633 /* EntryManagerViewController.m */; };
		BFF4C5A61707A5E40098A633 /* EntryManagerView.m in Sources */ = {isa = PBXBuildFile; fileRef = BFF4C5A51707A5DF0098A633 /* EntryManagerView.m */; };
		BFF4C5A91707C2020098A633 /* ManagerTextAreaField.m in Sources */ = {isa = PBXBuildFile; fileRef = BFF4C5A81707C2010098A633 /* ManagerTextAreaField.m */; };
		BFF4C5AC1708FEBA0098A633 /* ManagerActionBar.m in Sources */ = {isa = PBXBuildFile; fileRef = BFF4C5AB1708FEBA0098A633 /* ManagerActionBar.m */; };
		BFF4C5AF170902E30098A633 /* ManagerButton.m in Sources */ = {isa = PBXBuildFile; fileRef = BFF4C5AE170902E20098A633 /* ManagerButton.m */; };
		BFFCE80E174084B400987656 /* AwardManagerViewController.m in Sources */ = {isa = PBXBuildFile; fileRef = BFFCE80D174084B400987656 /* AwardManagerViewController.m */; };
		BFFCE8111740853000987656 /* AwardManagerView.m in Sources */ = {isa = PBXBuildFile; fileRef = BFFCE8101740853000987656 /* AwardManagerView.m */; };
/* End PBXBuildFile section */

/* Begin PBXFileReference section */
		BF00109E16FEAD3D007B8A80 /* TableModel.h */ = {isa = PBXFileReference; fileEncoding = 4; lastKnownFileType = sourcecode.c.h; path = TableModel.h; sourceTree = "<group>"; };
		BF00109F16FEAD3D007B8A80 /* TableModel.m */ = {isa = PBXFileReference; fileEncoding = 4; lastKnownFileType = sourcecode.c.objc; path = TableModel.m; sourceTree = "<group>"; };
		BF0010A116FEADA6007B8A80 /* BaseModel.h */ = {isa = PBXFileReference; fileEncoding = 4; lastKnownFileType = sourcecode.c.h; path = BaseModel.h; sourceTree = "<group>"; };
		BF0010A216FEADA6007B8A80 /* BaseModel.m */ = {isa = PBXFileReference; fileEncoding = 4; lastKnownFileType = sourcecode.c.objc; path = BaseModel.m; sourceTree = "<group>"; };
		BF0010A416FEB3DE007B8A80 /* ColumnModel.h */ = {isa = PBXFileReference; fileEncoding = 4; lastKnownFileType = sourcecode.c.h; path = ColumnModel.h; sourceTree = "<group>"; };
		BF0010A516FEB3DE007B8A80 /* ColumnModel.m */ = {isa = PBXFileReference; fileEncoding = 4; lastKnownFileType = sourcecode.c.objc; path = ColumnModel.m; sourceTree = "<group>"; };
		BF0010A716FEBDD7007B8A80 /* AgencyModel.h */ = {isa = PBXFileReference; fileEncoding = 4; lastKnownFileType = sourcecode.c.h; path = AgencyModel.h; sourceTree = "<group>"; };
		BF0010A816FEBDD7007B8A80 /* AgencyModel.m */ = {isa = PBXFileReference; fileEncoding = 4; lastKnownFileType = sourcecode.c.objc; path = AgencyModel.m; sourceTree = "<group>"; };
		BF0010AA16FEBEBC007B8A80 /* GroupModel.h */ = {isa = PBXFileReference; fileEncoding = 4; lastKnownFileType = sourcecode.c.h; path = GroupModel.h; sourceTree = "<group>"; };
		BF0010AB16FEBEBC007B8A80 /* GroupModel.m */ = {isa = PBXFileReference; fileEncoding = 4; lastKnownFileType = sourcecode.c.objc; path = GroupModel.m; sourceTree = "<group>"; };
		BF0010AD16FECBDF007B8A80 /* CountryModel.h */ = {isa = PBXFileReference; fileEncoding = 4; lastKnownFileType = sourcecode.c.h; path = CountryModel.h; sourceTree = "<group>"; };
		BF0010AE16FECBE0007B8A80 /* CountryModel.m */ = {isa = PBXFileReference; fileEncoding = 4; lastKnownFileType = sourcecode.c.objc; path = CountryModel.m; sourceTree = "<group>"; };
		BF0010B016FF21C1007B8A80 /* MetalModel.h */ = {isa = PBXFileReference; fileEncoding = 4; lastKnownFileType = sourcecode.c.h; path = MetalModel.h; sourceTree = "<group>"; };
		BF0010B116FF21C1007B8A80 /* MetalModel.m */ = {isa = PBXFileReference; fileEncoding = 4; lastKnownFileType = sourcecode.c.objc; path = MetalModel.m; sourceTree = "<group>"; };
		BF0010B316FF230D007B8A80 /* ProducerModel.h */ = {isa = PBXFileReference; fileEncoding = 4; lastKnownFileType = sourcecode.c.h; path = ProducerModel.h; sourceTree = "<group>"; };
		BF0010B416FF230E007B8A80 /* ProducerModel.m */ = {isa = PBXFileReference; fileEncoding = 4; lastKnownFileType = sourcecode.c.objc; path = ProducerModel.m; sourceTree = "<group>"; };
		BF0010B616FF252A007B8A80 /* ClientModel.h */ = {isa = PBXFileReference; fileEncoding = 4; lastKnownFileType = sourcecode.c.h; path = ClientModel.h; sourceTree = "<group>"; };
		BF0010B716FF252A007B8A80 /* ClientModel.m */ = {isa = PBXFileReference; fileEncoding = 4; lastKnownFileType = sourcecode.c.objc; path = ClientModel.m; sourceTree = "<group>"; };
		BF0010B916FF2727007B8A80 /* ProductModel.h */ = {isa = PBXFileReference; fileEncoding = 4; lastKnownFileType = sourcecode.c.h; path = ProductModel.h; sourceTree = "<group>"; };
		BF0010BA16FF2727007B8A80 /* ProductModel.m */ = {isa = PBXFileReference; fileEncoding = 4; lastKnownFileType = sourcecode.c.objc; path = ProductModel.m; sourceTree = "<group>"; };
		BF0010BC16FF30C2007B8A80 /* RoleModel.h */ = {isa = PBXFileReference; fileEncoding = 4; lastKnownFileType = sourcecode.c.h; path = RoleModel.h; sourceTree = "<group>"; };
		BF0010BD16FF30C3007B8A80 /* RoleModel.m */ = {isa = PBXFileReference; fileEncoding = 4; lastKnownFileType = sourcecode.c.objc; path = RoleModel.m; sourceTree = "<group>"; };
		BF0010BF16FF32D4007B8A80 /* CategoryModel.h */ = {isa = PBXFileReference; fileEncoding = 4; lastKnownFileType = sourcecode.c.h; path = CategoryModel.h; sourceTree = "<group>"; };
		BF0010C016FF32D4007B8A80 /* CategoryModel.m */ = {isa = PBXFileReference; fileEncoding = 4; lastKnownFileType = sourcecode.c.objc; path = CategoryModel.m; sourceTree = "<group>"; };
		BF0010C216FF3416007B8A80 /* SubcategoryModel.h */ = {isa = PBXFileReference; fileEncoding = 4; lastKnownFileType = sourcecode.c.h; path = SubcategoryModel.h; sourceTree = "<group>"; };
		BF0010C316FF3417007B8A80 /* SubcategoryModel.m */ = {isa = PBXFileReference; fileEncoding = 4; lastKnownFileType = sourcecode.c.objc; path = SubcategoryModel.m; sourceTree = "<group>"; };
		BF0010C516FF362C007B8A80 /* DisciplineModel.h */ = {isa = PBXFileReference; fileEncoding = 4; lastKnownFileType = sourcecode.c.h; path = DisciplineModel.h; sourceTree = "<group>"; };
		BF0010C616FF362D007B8A80 /* DisciplineModel.m */ = {isa = PBXFileReference; fileEncoding = 4; lastKnownFileType = sourcecode.c.objc; path = DisciplineModel.m; sourceTree = "<group>"; };
		BF0010C816FF385F007B8A80 /* PersonModel.h */ = {isa = PBXFileReference; fileEncoding = 4; lastKnownFileType = sourcecode.c.h; path = PersonModel.h; sourceTree = "<group>"; };
		BF0010C916FF3860007B8A80 /* PersonModel.m */ = {isa = PBXFileReference; fileEncoding = 4; lastKnownFileType = sourcecode.c.objc; path = PersonModel.m; sourceTree = "<group>"; };
		BF0010CB16FF3BAF007B8A80 /* FestivalModel.h */ = {isa = PBXFileReference; fileEncoding = 4; lastKnownFileType = sourcecode.c.h; path = FestivalModel.h; sourceTree = "<group>"; };
		BF0010CC16FF3BB0007B8A80 /* FestivalModel.m */ = {isa = PBXFileReference; fileEncoding = 4; lastKnownFileType = sourcecode.c.objc; path = FestivalModel.m; sourceTree = "<group>"; };
		BF0010CE16FF9C44007B8A80 /* EntryModel.h */ = {isa = PBXFileReference; fileEncoding = 4; lastKnownFileType = sourcecode.c.h; path = EntryModel.h; sourceTree = "<group>"; };
		BF0010CF16FF9C45007B8A80 /* EntryModel.m */ = {isa = PBXFileReference; fileEncoding = 4; lastKnownFileType = sourcecode.c.objc; path = EntryModel.m; sourceTree = "<group>"; };
		BF0010D116FFA05F007B8A80 /* AwardModel.h */ = {isa = PBXFileReference; fileEncoding = 4; lastKnownFileType = sourcecode.c.h; path = AwardModel.h; sourceTree = "<group>"; };
		BF0010D216FFA060007B8A80 /* AwardModel.m */ = {isa = PBXFileReference; fileEncoding = 4; lastKnownFileType = sourcecode.c.objc; path = AwardModel.m; sourceTree = "<group>"; };
		BF0010D416FFA577007B8A80 /* CreditModel.h */ = {isa = PBXFileReference; fileEncoding = 4; lastKnownFileType = sourcecode.c.h; path = CreditModel.h; sourceTree = "<group>"; };
		BF0010D516FFA578007B8A80 /* CreditModel.m */ = {isa = PBXFileReference; fileEncoding = 4; lastKnownFileType = sourcecode.c.objc; path = CreditModel.m; sourceTree = "<group>"; };
		BF0010D71700CC95007B8A80 /* ProducerCreditModel.h */ = {isa = PBXFileReference; fileEncoding = 4; lastKnownFileType = sourcecode.c.h; path = ProducerCreditModel.h; sourceTree = "<group>"; };
		BF0010D81700CCA4007B8A80 /* ProducerCreditModel.m */ = {isa = PBXFileReference; fileEncoding = 4; lastKnownFileType = sourcecode.c.objc; path = ProducerCreditModel.m; sourceTree = "<group>"; };
		BF0010DA1700F8B1007B8A80 /* AnnotationModel.h */ = {isa = PBXFileReference; fileEncoding = 4; lastKnownFileType = sourcecode.c.h; path = AnnotationModel.h; sourceTree = "<group>"; };
		BF0010DB1700F8B9007B8A80 /* AnnotationModel.m */ = {isa = PBXFileReference; fileEncoding = 4; lastKnownFileType = sourcecode.c.objc; path = AnnotationModel.m; sourceTree = "<group>"; };
		BF0010DD1701280C007B8A80 /* UserModel.h */ = {isa = PBXFileReference; fileEncoding = 4; lastKnownFileType = sourcecode.c.h; path = UserModel.h; sourceTree = "<group>"; };
		BF0010DE1701280E007B8A80 /* UserModel.m */ = {isa = PBXFileReference; fileEncoding = 4; lastKnownFileType = sourcecode.c.objc; path = UserModel.m; sourceTree = "<group>"; };
		BF0010E017012BA4007B8A80 /* CalendarTypeModel.h */ = {isa = PBXFileReference; fileEncoding = 4; lastKnownFileType = sourcecode.c.h; path = CalendarTypeModel.h; sourceTree = "<group>"; };
		BF0010E117012BA6007B8A80 /* CalendarTypeModel.m */ = {isa = PBXFileReference; fileEncoding = 4; lastKnownFileType = sourcecode.c.objc; path = CalendarTypeModel.m; sourceTree = "<group>"; };
		BF0010E317012CD7007B8A80 /* CalendarModel.h */ = {isa = PBXFileReference; fileEncoding = 4; lastKnownFileType = sourcecode.c.h; path = CalendarModel.h; sourceTree = "<group>"; };
		BF0010E417012CD8007B8A80 /* CalendarModel.m */ = {isa = PBXFileReference; fileEncoding = 4; lastKnownFileType = sourcecode.c.objc; path = CalendarModel.m; sourceTree = "<group>"; };
		BF1787EF17498D0F00057FF4 /* MenuManagerViewController.h */ = {isa = PBXFileReference; fileEncoding = 4; lastKnownFileType = sourcecode.c.h; path = MenuManagerViewController.h; sourceTree = "<group>"; };
		BF1787F017498D0F00057FF4 /* MenuManagerViewController.m */ = {isa = PBXFileReference; fileEncoding = 4; lastKnownFileType = sourcecode.c.objc; path = MenuManagerViewController.m; sourceTree = "<group>"; };
		BF1787F517498F5900057FF4 /* MainManagerViewController.h */ = {isa = PBXFileReference; fileEncoding = 4; lastKnownFileType = sourcecode.c.h; path = MainManagerViewController.h; sourceTree = "<group>"; };
		BF1787F617498F5900057FF4 /* MainManagerViewController.m */ = {isa = PBXFileReference; fileEncoding = 4; lastKnownFileType = sourcecode.c.objc; path = MainManagerViewController.m; sourceTree = "<group>"; };
		BF1787FB1749928A00057FF4 /* ManagerMenuButton.h */ = {isa = PBXFileReference; fileEncoding = 4; lastKnownFileType = sourcecode.c.h; path = ManagerMenuButton.h; sourceTree = "<group>"; };
		BF1787FC1749928A00057FF4 /* ManagerMenuButton.m */ = {isa = PBXFileReference; fileEncoding = 4; lastKnownFileType = sourcecode.c.objc; path = ManagerMenuButton.m; sourceTree = "<group>"; };
		BF1787FE1749A4DC00057FF4 /* AgencyManagerListViewController.h */ = {isa = PBXFileReference; fileEncoding = 4; lastKnownFileType = sourcecode.c.h; path = AgencyManagerListViewController.h; sourceTree = "<group>"; };
		BF1787FF1749A4DC00057FF4 /* AgencyManagerListViewController.m */ = {isa = PBXFileReference; fileEncoding = 4; lastKnownFileType = sourcecode.c.objc; path = AgencyManagerListViewController.m; sourceTree = "<group>"; };
		BF2F3299172DEF9E00C0CB1B /* BaseManagerListViewController.h */ = {isa = PBXFileReference; fileEncoding = 4; lastKnownFileType = sourcecode.c.h; path = BaseManagerListViewController.h; sourceTree = "<group>"; };
		BF2F329A172DEF9E00C0CB1B /* BaseManagerListViewController.m */ = {isa = PBXFileReference; fileEncoding = 4; lastKnownFileType = sourcecode.c.objc; path = BaseManagerListViewController.m; sourceTree = "<group>"; };
		BF2F329F172DFFEF00C0CB1B /* EntryManagerCompleteViewController.h */ = {isa = PBXFileReference; fileEncoding = 4; lastKnownFileType = sourcecode.c.h; path = EntryManagerCompleteViewController.h; sourceTree = "<group>"; };
		BF2F32A0172DFFEF00C0CB1B /* EntryManagerCompleteViewController.m */ = {isa = PBXFileReference; fileEncoding = 4; lastKnownFileType = sourcecode.c.objc; path = EntryManagerCompleteViewController.m; sourceTree = "<group>"; };
		BF2F32A5172E0B7A00C0CB1B /* CreditManagerListViewController.h */ = {isa = PBXFileReference; fileEncoding = 4; lastKnownFileType = sourcecode.c.h; path = CreditManagerListViewController.h; sourceTree = "<group>"; };
		BF2F32A6172E0B7C00C0CB1B /* CreditManagerListViewController.m */ = {isa = PBXFileReference; fileEncoding = 4; lastKnownFileType = sourcecode.c.objc; path = CreditManagerListViewController.m; sourceTree = "<group>"; };
		BF302ACF173DF57500195DE8 /* ProducerCreditManagerListViewController.h */ = {isa = PBXFileReference; fileEncoding = 4; lastKnownFileType = sourcecode.c.h; path = ProducerCreditManagerListViewController.h; sourceTree = "<group>"; };
		BF302AD0173DF57500195DE8 /* ProducerCreditManagerListViewController.m */ = {isa = PBXFileReference; fileEncoding = 4; lastKnownFileType = sourcecode.c.objc; path = ProducerCreditManagerListViewController.m; sourceTree = "<group>"; };
		BF302AD5173F2B3400195DE8 /* EntryManagerCompleteScrollView.h */ = {isa = PBXFileReference; fileEncoding = 4; lastKnownFileType = sourcecode.c.h; path = EntryManagerCompleteScrollView.h; sourceTree = "<group>"; };
		BF302AD6173F2B3600195DE8 /* EntryManagerCompleteScrollView.m */ = {isa = PBXFileReference; fileEncoding = 4; lastKnownFileType = sourcecode.c.objc; path = EntryManagerCompleteScrollView.m; sourceTree = "<group>"; };
		BF3A4D65174434970046FF9B /* UIKit.framework */ = {isa = PBXFileReference; lastKnownFileType = wrapper.framework; name = UIKit.framework; path = Library/Frameworks/UIKit.framework; sourceTree = DEVELOPER_DIR; };
		BF3A4D67174434970046FF9B /* Foundation.framework */ = {isa = PBXFileReference; lastKnownFileType = wrapper.framework; name = Foundation.framework; path = Library/Frameworks/Foundation.framework; sourceTree = DEVELOPER_DIR; };
		BF3A4D69174434970046FF9B /* CoreGraphics.framework */ = {isa = PBXFileReference; lastKnownFileType = wrapper.framework; name = CoreGraphics.framework; path = Library/Frameworks/CoreGraphics.framework; sourceTree = DEVELOPER_DIR; };
		BF62E8BE173DC05E00B75C07 /* ProducerCreditManagerViewController.h */ = {isa = PBXFileReference; fileEncoding = 4; lastKnownFileType = sourcecode.c.h; path = ProducerCreditManagerViewController.h; sourceTree = "<group>"; };
		BF62E8BF173DC05E00B75C07 /* ProducerCreditManagerViewController.m */ = {isa = PBXFileReference; fileEncoding = 4; lastKnownFileType = sourcecode.c.objc; path = ProducerCreditManagerViewController.m; sourceTree = "<group>"; };
		BF62E8C1173DC0AE00B75C07 /* ProducerCreditManagerView.h */ = {isa = PBXFileReference; fileEncoding = 4; lastKnownFileType = sourcecode.c.h; path = ProducerCreditManagerView.h; sourceTree = "<group>"; };
		BF62E8C2173DC0AE00B75C07 /* ProducerCreditManagerView.m */ = {isa = PBXFileReference; fileEncoding = 4; lastKnownFileType = sourcecode.c.objc; path = ProducerCreditManagerView.m; sourceTree = "<group>"; };
		BF6A81BB1741903A00F8557E /* AwardManagerListViewController.h */ = {isa = PBXFileReference; fileEncoding = 4; lastKnownFileType = sourcecode.c.h; path = AwardManagerListViewController.h; sourceTree = "<group>"; };
		BF6A81BC1741903A00F8557E /* AwardManagerListViewController.m */ = {isa = PBXFileReference; fileEncoding = 4; lastKnownFileType = sourcecode.c.objc; path = AwardManagerListViewController.m; sourceTree = "<group>"; };
		BF6A81C21741959200F8557E /* BaseManagerListView.h */ = {isa = PBXFileReference; fileEncoding = 4; lastKnownFileType = sourcecode.c.h; path = BaseManagerListView.h; sourceTree = "<group>"; };
		BF6A81C31741959200F8557E /* BaseManagerListView.m */ = {isa = PBXFileReference; fileEncoding = 4; lastKnownFileType = sourcecode.c.objc; path = BaseManagerListView.m; sourceTree = "<group>"; };
		BF8D842016F7EEA4006906D8 /* CreativeDB.app */ = {isa = PBXFileReference; explicitFileType = wrapper.application; includeInIndex = 0; path = CreativeDB.app; sourceTree = BUILT_PRODUCTS_DIR; };
		BF8D842316F7EEA4006906D8 /* Cocoa.framework */ = {isa = PBXFileReference; lastKnownFileType = wrapper.framework; name = Cocoa.framework; path = System/Library/Frameworks/Cocoa.framework; sourceTree = SDKROOT; };
		BF8D842616F7EEA4006906D8 /* AppKit.framework */ = {isa = PBXFileReference; lastKnownFileType = wrapper.framework; name = AppKit.framework; path = System/Library/Frameworks/AppKit.framework; sourceTree = SDKROOT; };
		BF8D842716F7EEA4006906D8 /* CoreData.framework */ = {isa = PBXFileReference; lastKnownFileType = wrapper.framework; name = CoreData.framework; path = System/Library/Frameworks/CoreData.framework; sourceTree = SDKROOT; };
		BF8D842816F7EEA4006906D8 /* Foundation.framework */ = {isa = PBXFileReference; lastKnownFileType = wrapper.framework; name = Foundation.framework; path = System/Library/Frameworks/Foundation.framework; sourceTree = SDKROOT; };
		BF8D842B16F7EEA4006906D8 /* CreativeDB-Info.plist */ = {isa = PBXFileReference; lastKnownFileType = text.plist.xml; path = "CreativeDB-Info.plist"; sourceTree = "<group>"; };
		BF8D842D16F7EEA4006906D8 /* en */ = {isa = PBXFileReference; lastKnownFileType = text.plist.strings; name = en; path = en.lproj/InfoPlist.strings; sourceTree = "<group>"; };
		BF8D842F16F7EEA4006906D8 /* main.m */ = {isa = PBXFileReference; lastKnownFileType = sourcecode.c.objc; path = main.m; sourceTree = "<group>"; };
		BF8D843116F7EEA4006906D8 /* CreativeDB-Prefix.pch */ = {isa = PBXFileReference; lastKnownFileType = sourcecode.c.h; path = "CreativeDB-Prefix.pch"; sourceTree = "<group>"; };
		BF8D843316F7EEA5006906D8 /* en */ = {isa = PBXFileReference; lastKnownFileType = text.rtf; name = en; path = en.lproj/Credits.rtf; sourceTree = "<group>"; };
		BF8D843516F7EEA5006906D8 /* AppDelegate.h */ = {isa = PBXFileReference; lastKnownFileType = sourcecode.c.h; path = AppDelegate.h; sourceTree = "<group>"; };
		BF8D843616F7EEA5006906D8 /* AppDelegate.m */ = {isa = PBXFileReference; lastKnownFileType = sourcecode.c.objc; path = AppDelegate.m; sourceTree = "<group>"; };
		BF8D843916F7EEA5006906D8 /* en */ = {isa = PBXFileReference; lastKnownFileType = file.xib; name = en; path = en.lproj/MainMenu.xib; sourceTree = "<group>"; };
		BF8D844016F7F746006906D8 /* libsqlite3.0.dylib */ = {isa = PBXFileReference; lastKnownFileType = "compiled.mach-o.dylib"; name = libsqlite3.0.dylib; path = usr/lib/libsqlite3.0.dylib; sourceTree = SDKROOT; };
		BF8D844316F7F7BC006906D8 /* FMDatabase.h */ = {isa = PBXFileReference; fileEncoding = 4; lastKnownFileType = sourcecode.c.h; path = FMDatabase.h; sourceTree = "<group>"; };
		BF8D844416F7F7BC006906D8 /* FMDatabase.m */ = {isa = PBXFileReference; fileEncoding = 4; lastKnownFileType = sourcecode.c.objc; path = FMDatabase.m; sourceTree = "<group>"; };
		BF8D844516F7F7BC006906D8 /* FMDatabaseAdditions.h */ = {isa = PBXFileReference; fileEncoding = 4; lastKnownFileType = sourcecode.c.h; path = FMDatabaseAdditions.h; sourceTree = "<group>"; };
		BF8D844616F7F7BC006906D8 /* FMDatabaseAdditions.m */ = {isa = PBXFileReference; fileEncoding = 4; lastKnownFileType = sourcecode.c.objc; path = FMDatabaseAdditions.m; sourceTree = "<group>"; };
		BF8D844716F7F7BC006906D8 /* FMDatabasePool.h */ = {isa = PBXFileReference; fileEncoding = 4; lastKnownFileType = sourcecode.c.h; path = FMDatabasePool.h; sourceTree = "<group>"; };
		BF8D844816F7F7BC006906D8 /* FMDatabasePool.m */ = {isa = PBXFileReference; fileEncoding = 4; lastKnownFileType = sourcecode.c.objc; path = FMDatabasePool.m; sourceTree = "<group>"; };
		BF8D844916F7F7BC006906D8 /* FMDatabaseQueue.h */ = {isa = PBXFileReference; fileEncoding = 4; lastKnownFileType = sourcecode.c.h; path = FMDatabaseQueue.h; sourceTree = "<group>"; };
		BF8D844A16F7F7BC006906D8 /* FMDatabaseQueue.m */ = {isa = PBXFileReference; fileEncoding = 4; lastKnownFileType = sourcecode.c.objc; path = FMDatabaseQueue.m; sourceTree = "<group>"; };
		BF8D844C16F7F7BC006906D8 /* FMResultSet.h */ = {isa = PBXFileReference; fileEncoding = 4; lastKnownFileType = sourcecode.c.h; path = FMResultSet.h; sourceTree = "<group>"; };
		BF8D844D16F7F7BC006906D8 /* FMResultSet.m */ = {isa = PBXFileReference; fileEncoding = 4; lastKnownFileType = sourcecode.c.objc; path = FMResultSet.m; sourceTree = "<group>"; };
		BF8D845516F7F82F006906D8 /* FMDBDataAccess.h */ = {isa = PBXFileReference; fileEncoding = 4; lastKnownFileType = sourcecode.c.h; path = FMDBDataAccess.h; sourceTree = "<group>"; };
		BF8D845616F7F82F006906D8 /* FMDBDataAccess.m */ = {isa = PBXFileReference; fileEncoding = 4; lastKnownFileType = sourcecode.c.objc; path = FMDBDataAccess.m; sourceTree = "<group>"; };
		BF8D845816F7F85D006906D8 /* CreativeDB.sqlite */ = {isa = PBXFileReference; lastKnownFileType = file; path = CreativeDB.sqlite; sourceTree = "<group>"; };
		BF8D845D16F7FAD5006906D8 /* SORelativeDateTransformer.bundle */ = {isa = PBXFileReference; lastKnownFileType = "wrapper.plug-in"; path = SORelativeDateTransformer.bundle; sourceTree = "<group>"; };
		BF8D845E16F7FAD5006906D8 /* SORelativeDateTransformer.h */ = {isa = PBXFileReference; fileEncoding = 4; lastKnownFileType = sourcecode.c.h; path = SORelativeDateTransformer.h; sourceTree = "<group>"; };
		BF8D845F16F7FAD5006906D8 /* SORelativeDateTransformer.m */ = {isa = PBXFileReference; fileEncoding = 4; lastKnownFileType = sourcecode.c.objc; path = SORelativeDateTransformer.m; sourceTree = "<group>"; };
		BFA5E7131744383200466F5C /* QuartzCore.framework */ = {isa = PBXFileReference; lastKnownFileType = wrapper.framework; name = QuartzCore.framework; path = System/Library/Frameworks/QuartzCore.framework; sourceTree = SDKROOT; };
		BFA5E7151744383200466F5C /* OpenGLES.framework */ = {isa = PBXFileReference; lastKnownFileType = wrapper.framework; name = OpenGLES.framework; path = Library/Frameworks/OpenGLES.framework; sourceTree = DEVELOPER_DIR; };
		BFAD2E9E171B9ADF0044262E /* BaseManagerViewController.h */ = {isa = PBXFileReference; fileEncoding = 4; lastKnownFileType = sourcecode.c.h; path = BaseManagerViewController.h; sourceTree = "<group>"; };
		BFAD2E9F171B9AE00044262E /* BaseManagerViewController.m */ = {isa = PBXFileReference; fileEncoding = 4; lastKnownFileType = sourcecode.c.objc; path = BaseManagerViewController.m; sourceTree = "<group>"; };
		BFAD2EA1171BA2350044262E /* BaseManagerView.h */ = {isa = PBXFileReference; fileEncoding = 4; lastKnownFileType = sourcecode.c.h; path = BaseManagerView.h; sourceTree = "<group>"; };
		BFAD2EA2171BA2360044262E /* BaseManagerView.m */ = {isa = PBXFileReference; fileEncoding = 4; lastKnownFileType = sourcecode.c.objc; path = BaseManagerView.m; sourceTree = "<group>"; };
		BFBC5EB4174E771E0004E022 /* AgencyManagerCompleteViewController.h */ = {isa = PBXFileReference; fileEncoding = 4; lastKnownFileType = sourcecode.c.h; path = AgencyManagerCompleteViewController.h; sourceTree = "<group>"; };
		BFBC5EB5174E771E0004E022 /* AgencyManagerCompleteViewController.m */ = {isa = PBXFileReference; fileEncoding = 4; lastKnownFileType = sourcecode.c.objc; path = AgencyManagerCompleteViewController.m; sourceTree = "<group>"; };
		BFBC5EB7174E77400004E022 /* BaseManagerCompleteViewController.h */ = {isa = PBXFileReference; fileEncoding = 4; lastKnownFileType = sourcecode.c.h; path = BaseManagerCompleteViewController.h; sourceTree = "<group>"; };
		BFBC5EB8174E77400004E022 /* BaseManagerCompleteViewController.m */ = {isa = PBXFileReference; fileEncoding = 4; lastKnownFileType = sourcecode.c.objc; path = BaseManagerCompleteViewController.m; sourceTree = "<group>"; };
		BFBC5EBA174E77E50004E022 /* BaseLayeredView.h */ = {isa = PBXFileReference; fileEncoding = 4; lastKnownFileType = sourcecode.c.h; path = BaseLayeredView.h; sourceTree = "<group>"; };
		BFBC5EBB174E77E50004E022 /* BaseLayeredView.m */ = {isa = PBXFileReference; fileEncoding = 4; lastKnownFileType = sourcecode.c.objc; path = BaseLayeredView.m; sourceTree = "<group>"; };
		BFBC5EC3174E83B30004E022 /* ClientManagerCompleteViewController.h */ = {isa = PBXFileReference; fileEncoding = 4; lastKnownFileType = sourcecode.c.h; path = ClientManagerCompleteViewController.h; sourceTree = "<group>"; };
		BFBC5EC4174E83B40004E022 /* ClientManagerCompleteViewController.m */ = {isa = PBXFileReference; fileEncoding = 4; lastKnownFileType = sourcecode.c.objc; path = ClientManagerCompleteViewController.m; sourceTree = "<group>"; };
		BFBC5EC6174E850E0004E022 /* ClientManagerViewController.h */ = {isa = PBXFileReference; fileEncoding = 4; lastKnownFileType = sourcecode.c.h; path = ClientManagerViewController.h; sourceTree = "<group>"; };
		BFBC5EC7174E850F0004E022 /* ClientManagerViewController.m */ = {isa = PBXFileReference; fileEncoding = 4; lastKnownFileType = sourcecode.c.objc; path = ClientManagerViewController.m; sourceTree = "<group>"; };
		BFBC5EC9174E85350004E022 /* ClientManagerView.h */ = {isa = PBXFileReference; fileEncoding = 4; lastKnownFileType = sourcecode.c.h; path = ClientManagerView.h; sourceTree = "<group>"; };
		BFBC5ECA174E85360004E022 /* ClientManagerView.m */ = {isa = PBXFileReference; fileEncoding = 4; lastKnownFileType = sourcecode.c.objc; path = ClientManagerView.m; sourceTree = "<group>"; };
		BFBC5ECC174E87030004E022 /* ClientManagerListViewController.h */ = {isa = PBXFileReference; fileEncoding = 4; lastKnownFileType = sourcecode.c.h; path = ClientManagerListViewController.h; sourceTree = "<group>"; };
		BFBC5ECD174E87030004E022 /* ClientManagerListViewController.m */ = {isa = PBXFileReference; fileEncoding = 4; lastKnownFileType = sourcecode.c.objc; path = ClientManagerListViewController.m; sourceTree = "<group>"; };
		BFBC5ECF174EBABF0004E022 /* ProductManagerView.h */ = {isa = PBXFileReference; fileEncoding = 4; lastKnownFileType = sourcecode.c.h; path = ProductManagerView.h; sourceTree = "<group>"; };
		BFBC5ED0174EBABF0004E022 /* ProductManagerView.m */ = {isa = PBXFileReference; fileEncoding = 4; lastKnownFileType = sourcecode.c.objc; path = ProductManagerView.m; sourceTree = "<group>"; };
		BFBC5ED2174EBE410004E022 /* ProductManagerViewController.h */ = {isa = PBXFileReference; fileEncoding = 4; lastKnownFileType = sourcecode.c.h; path = ProductManagerViewController.h; sourceTree = "<group>"; };
		BFBC5ED3174EBE410004E022 /* ProductManagerViewController.m */ = {isa = PBXFileReference; fileEncoding = 4; lastKnownFileType = sourcecode.c.objc; path = ProductManagerViewController.m; sourceTree = "<group>"; };
		BFBC5ED5174EBF460004E022 /* ProductManagerListViewController.h */ = {isa = PBXFileReference; fileEncoding = 4; lastKnownFileType = sourcecode.c.h; path = ProductManagerListViewController.h; sourceTree = "<group>"; };
		BFBC5ED6174EBF460004E022 /* ProductManagerListViewController.m */ = {isa = PBXFileReference; fileEncoding = 4; lastKnownFileType = sourcecode.c.objc; path = ProductManagerListViewController.m; sourceTree = "<group>"; };
		BFBC5ED817506AA40004E022 /* PersonManagerCompleteViewController.h */ = {isa = PBXFileReference; fileEncoding = 4; lastKnownFileType = sourcecode.c.h; path = PersonManagerCompleteViewController.h; sourceTree = "<group>"; };
		BFBC5ED917506AA50004E022 /* PersonManagerCompleteViewController.m */ = {isa = PBXFileReference; fileEncoding = 4; lastKnownFileType = sourcecode.c.objc; path = PersonManagerCompleteViewController.m; sourceTree = "<group>"; };
		BFBC5EDB17506BC70004E022 /* PersonManagerViewController.h */ = {isa = PBXFileReference; fileEncoding = 4; lastKnownFileType = sourcecode.c.h; path = PersonManagerViewController.h; sourceTree = "<group>"; };
		BFBC5EDC17506BCB0004E022 /* PersonManagerViewController.m */ = {isa = PBXFileReference; fileEncoding = 4; lastKnownFileType = sourcecode.c.objc; path = PersonManagerViewController.m; sourceTree = "<group>"; };
		BFBC5EDE17506BEF0004E022 /* PersonManagerView.h */ = {isa = PBXFileReference; fileEncoding = 4; lastKnownFileType = sourcecode.c.h; path = PersonManagerView.h; sourceTree = "<group>"; };
		BFBC5EDF17506BF00004E022 /* PersonManagerView.m */ = {isa = PBXFileReference; fileEncoding = 4; lastKnownFileType = sourcecode.c.objc; path = PersonManagerView.m; sourceTree = "<group>"; };
		BFBC5EE117506DC90004E022 /* PersonManagerListViewController.h */ = {isa = PBXFileReference; fileEncoding = 4; lastKnownFileType = sourcecode.c.h; path = PersonManagerListViewController.h; sourceTree = "<group>"; };
		BFBC5EE217506DC90004E022 /* PersonManagerListViewController.m */ = {isa = PBXFileReference; fileEncoding = 4; lastKnownFileType = sourcecode.c.objc; path = PersonManagerListViewController.m; sourceTree = "<group>"; };
		BFBC5EE417518F2E0004E022 /* RoleManagerCompleteViewController.h */ = {isa = PBXFileReference; fileEncoding = 4; lastKnownFileType = sourcecode.c.h; path = RoleManagerCompleteViewController.h; sourceTree = "<group>"; };
		BFBC5EE517518F2E0004E022 /* RoleManagerCompleteViewController.m */ = {isa = PBXFileReference; fileEncoding = 4; lastKnownFileType = sourcecode.c.objc; path = RoleManagerCompleteViewController.m; sourceTree = "<group>"; };
		BFBC5EE717518FBE0004E022 /* RoleManagerViewController.h */ = {isa = PBXFileReference; fileEncoding = 4; lastKnownFileType = sourcecode.c.h; path = RoleManagerViewController.h; sourceTree = "<group>"; };
		BFBC5EE817518FC10004E022 /* RoleManagerViewController.m */ = {isa = PBXFileReference; fileEncoding = 4; lastKnownFileType = sourcecode.c.objc; path = RoleManagerViewController.m; sourceTree = "<group>"; };
		BFBC5EEA17518FEA0004E022 /* RoleManagerListViewController.h */ = {isa = PBXFileReference; fileEncoding = 4; lastKnownFileType = sourcecode.c.h; path = RoleManagerListViewController.h; sourceTree = "<group>"; };
		BFBC5EEB17518FEA0004E022 /* RoleManagerListViewController.m */ = {isa = PBXFileReference; fileEncoding = 4; lastKnownFileType = sourcecode.c.objc; path = RoleManagerListViewController.m; sourceTree = "<group>"; };
		BFBC5EED175190080004E022 /* RoleManagerView.h */ = {isa = PBXFileReference; fileEncoding = 4; lastKnownFileType = sourcecode.c.h; path = RoleManagerView.h; sourceTree = "<group>"; };
		BFBC5EEE175190090004E022 /* RoleManagerView.m */ = {isa = PBXFileReference; fileEncoding = 4; lastKnownFileType = sourcecode.c.objc; path = RoleManagerView.m; sourceTree = "<group>"; };
		BFBC5EF0175197C40004E022 /* ProducerManagerView.h */ = {isa = PBXFileReference; fileEncoding = 4; lastKnownFileType = sourcecode.c.h; path = ProducerManagerView.h; sourceTree = "<group>"; };
		BFBC5EF1175197C50004E022 /* ProducerManagerView.m */ = {isa = PBXFileReference; fileEncoding = 4; lastKnownFileType = sourcecode.c.objc; path = ProducerManagerView.m; sourceTree = "<group>"; };
		BFBC5EF41751B38B0004E022 /* ProducerManagerViewController.h */ = {isa = PBXFileReference; fileEncoding = 4; lastKnownFileType = sourcecode.c.h; path = ProducerManagerViewController.h; sourceTree = "<group>"; };
		BFBC5EF51751B38B0004E022 /* ProducerManagerViewController.m */ = {isa = PBXFileReference; fileEncoding = 4; lastKnownFileType = sourcecode.c.objc; path = ProducerManagerViewController.m; sourceTree = "<group>"; };
		BFBC5EF71751B4840004E022 /* ProducerManagerListViewController.h */ = {isa = PBXFileReference; fileEncoding = 4; lastKnownFileType = sourcecode.c.h; path = ProducerManagerListViewController.h; sourceTree = "<group>"; };
		BFBC5EF81751B4850004E022 /* ProducerManagerListViewController.m */ = {isa = PBXFileReference; fileEncoding = 4; lastKnownFileType = sourcecode.c.objc; path = ProducerManagerListViewController.m; sourceTree = "<group>"; };
		BFBC5EFA1751B62C0004E022 /* ProducerManagerCompleteViewController.h */ = {isa = PBXFileReference; fileEncoding = 4; lastKnownFileType = sourcecode.c.h; path = ProducerManagerCompleteViewController.h; sourceTree = "<group>"; };
		BFBC5EFB1751B62E0004E022 /* ProducerManagerCompleteViewController.m */ = {isa = PBXFileReference; fileEncoding = 4; lastKnownFileType = sourcecode.c.objc; path = ProducerManagerCompleteViewController.m; sourceTree = "<group>"; };
		BFBC5EFD1753097E0004E022 /* ManagerHeader.h */ = {isa = PBXFileReference; fileEncoding = 4; lastKnownFileType = sourcecode.c.h; path = ManagerHeader.h; sourceTree = "<group>"; };
		BFBC5EFE175309800004E022 /* ManagerHeader.m */ = {isa = PBXFileReference; fileEncoding = 4; lastKnownFileType = sourcecode.c.objc; path = ManagerHeader.m; sourceTree = "<group>"; };
		BFBC5F00175409CB0004E022 /* ScoreModel.h */ = {isa = PBXFileReference; fileEncoding = 4; lastKnownFileType = sourcecode.c.h; path = ScoreModel.h; sourceTree = "<group>"; };
		BFBC5F01175409CB0004E022 /* ScoreModel.m */ = {isa = PBXFileReference; fileEncoding = 4; lastKnownFileType = sourcecode.c.objc; path = ScoreModel.m; sourceTree = "<group>"; };
		BFE703351724F24A0030E255 /* CreditManagerViewController.h */ = {isa = PBXFileReference; fileEncoding = 4; lastKnownFileType = sourcecode.c.h; path = CreditManagerViewController.h; sourceTree = "<group>"; };
		BFE703361724F24B0030E255 /* CreditManagerViewController.m */ = {isa = PBXFileReference; fileEncoding = 4; lastKnownFileType = sourcecode.c.objc; path = CreditManagerViewController.m; sourceTree = "<group>"; };
		BFE703381724F29B0030E255 /* CreditManagerView.h */ = {isa = PBXFileReference; fileEncoding = 4; lastKnownFileType = sourcecode.c.h; path = CreditManagerView.h; sourceTree = "<group>"; };
		BFE703391724F29C0030E255 /* CreditManagerView.m */ = {isa = PBXFileReference; fileEncoding = 4; lastKnownFileType = sourcecode.c.objc; path = CreditManagerView.m; sourceTree = "<group>"; };
		BFF4C58A170544F50098A633 /* AgencyManagerViewController.h */ = {isa = PBXFileReference; fileEncoding = 4; lastKnownFileType = sourcecode.c.h; path = AgencyManagerViewController.h; sourceTree = "<group>"; };
		BFF4C58B170544F50098A633 /* AgencyManagerViewController.m */ = {isa = PBXFileReference; fileEncoding = 4; lastKnownFileType = sourcecode.c.objc; path = AgencyManagerViewController.m; sourceTree = "<group>"; };
		BFF4C58D1705450E0098A633 /* AgencyManagerView.h */ = {isa = PBXFileReference; fileEncoding = 4; lastKnownFileType = sourcecode.c.h; path = AgencyManagerView.h; sourceTree = "<group>"; };
		BFF4C58E1705450E0098A633 /* AgencyManagerView.m */ = {isa = PBXFileReference; fileEncoding = 4; lastKnownFileType = sourcecode.c.objc; path = AgencyManagerView.m; sourceTree = "<group>"; };
		BFF4C590170546080098A633 /* ManagerTextField.h */ = {isa = PBXFileReference; fileEncoding = 4; lastKnownFileType = sourcecode.c.h; path = ManagerTextField.h; sourceTree = "<group>"; };
		BFF4C591170546080098A633 /* ManagerTextField.m */ = {isa = PBXFileReference; fileEncoding = 4; lastKnownFileType = sourcecode.c.objc; path = ManagerTextField.m; sourceTree = "<group>"; };
		BFF4C593170549D50098A633 /* ManagerComboBox.h */ = {isa = PBXFileReference; fileEncoding = 4; lastKnownFileType = sourcecode.c.h; path = ManagerComboBox.h; sourceTree = "<group>"; };
		BFF4C594170549D50098A633 /* ManagerComboBox.m */ = {isa = PBXFileReference; fileEncoding = 4; lastKnownFileType = sourcecode.c.objc; path = ManagerComboBox.m; sourceTree = "<group>"; };
		BFF4C59717054B980098A633 /* ManagerLabel.h */ = {isa = PBXFileReference; fileEncoding = 4; lastKnownFileType = sourcecode.c.h; path = ManagerLabel.h; sourceTree = "<group>"; };
		BFF4C59817054B980098A633 /* ManagerLabel.m */ = {isa = PBXFileReference; fileEncoding = 4; lastKnownFileType = sourcecode.c.objc; path = ManagerLabel.m; sourceTree = "<group>"; };
		BFF4C59A1705525E0098A633 /* ManagerEngine.h */ = {isa = PBXFileReference; fileEncoding = 4; lastKnownFileType = sourcecode.c.h; path = ManagerEngine.h; sourceTree = "<group>"; };
		BFF4C59B1705525E0098A633 /* ManagerEngine.m */ = {isa = PBXFileReference; fileEncoding = 4; lastKnownFileType = sourcecode.c.objc; path = ManagerEngine.m; sourceTree = "<group>"; };
		BFF4C59D170553900098A633 /* ManagerFieldContainer.h */ = {isa = PBXFileReference; fileEncoding = 4; lastKnownFileType = sourcecode.c.h; path = ManagerFieldContainer.h; sourceTree = "<group>"; };
		BFF4C59E170553910098A633 /* ManagerFieldContainer.m */ = {isa = PBXFileReference; fileEncoding = 4; lastKnownFileType = sourcecode.c.objc; path = ManagerFieldContainer.m; sourceTree = "<group>"; };
		BFF4C5A11707A5B20098A633 /* EntryManagerViewController.h */ = {isa = PBXFileReference; fileEncoding = 4; lastKnownFileType = sourcecode.c.h; path = EntryManagerViewController.h; sourceTree = "<group>"; };
		BFF4C5A21707A5B30098A633 /* EntryManagerViewController.m */ = {isa = PBXFileReference; fileEncoding = 4; lastKnownFileType = sourcecode.c.objc; path = EntryManagerViewController.m; sourceTree = "<group>"; };
		BFF4C5A41707A5DE0098A633 /* EntryManagerView.h */ = {isa = PBXFileReference; fileEncoding = 4; lastKnownFileType = sourcecode.c.h; path = EntryManagerView.h; sourceTree = "<group>"; };
		BFF4C5A51707A5DF0098A633 /* EntryManagerView.m */ = {isa = PBXFileReference; fileEncoding = 4; lastKnownFileType = sourcecode.c.objc; path = EntryManagerView.m; sourceTree = "<group>"; };
		BFF4C5A71707C2010098A633 /* ManagerTextAreaField.h */ = {isa = PBXFileReference; fileEncoding = 4; lastKnownFileType = sourcecode.c.h; path = ManagerTextAreaField.h; sourceTree = "<group>"; };
		BFF4C5A81707C2010098A633 /* ManagerTextAreaField.m */ = {isa = PBXFileReference; fileEncoding = 4; lastKnownFileType = sourcecode.c.objc; path = ManagerTextAreaField.m; sourceTree = "<group>"; };
		BFF4C5AA1708FEB90098A633 /* ManagerActionBar.h */ = {isa = PBXFileReference; fileEncoding = 4; lastKnownFileType = sourcecode.c.h; path = ManagerActionBar.h; sourceTree = "<group>"; };
		BFF4C5AB1708FEBA0098A633 /* ManagerActionBar.m */ = {isa = PBXFileReference; fileEncoding = 4; lastKnownFileType = sourcecode.c.objc; path = ManagerActionBar.m; sourceTree = "<group>"; };
		BFF4C5AD170902E10098A633 /* ManagerButton.h */ = {isa = PBXFileReference; fileEncoding = 4; lastKnownFileType = sourcecode.c.h; path = ManagerButton.h; sourceTree = "<group>"; };
		BFF4C5AE170902E20098A633 /* ManagerButton.m */ = {isa = PBXFileReference; fileEncoding = 4; lastKnownFileType = sourcecode.c.objc; path = ManagerButton.m; sourceTree = "<group>"; };
		BFFCE80C174084B400987656 /* AwardManagerViewController.h */ = {isa = PBXFileReference; fileEncoding = 4; lastKnownFileType = sourcecode.c.h; path = AwardManagerViewController.h; sourceTree = "<group>"; };
		BFFCE80D174084B400987656 /* AwardManagerViewController.m */ = {isa = PBXFileReference; fileEncoding = 4; lastKnownFileType = sourcecode.c.objc; path = AwardManagerViewController.m; sourceTree = "<group>"; };
		BFFCE80F1740853000987656 /* AwardManagerView.h */ = {isa = PBXFileReference; fileEncoding = 4; lastKnownFileType = sourcecode.c.h; path = AwardManagerView.h; sourceTree = "<group>"; };
		BFFCE8101740853000987656 /* AwardManagerView.m */ = {isa = PBXFileReference; fileEncoding = 4; lastKnownFileType = sourcecode.c.objc; path = AwardManagerView.m; sourceTree = "<group>"; };
/* End PBXFileReference section */

/* Begin PBXFrameworksBuildPhase section */
		BF8D841D16F7EEA3006906D8 /* Frameworks */ = {
			isa = PBXFrameworksBuildPhase;
			buildActionMask = 2147483647;
			files = (
				BF8D844116F7F746006906D8 /* libsqlite3.0.dylib in Frameworks */,
				BF8D842416F7EEA4006906D8 /* Cocoa.framework in Frameworks */,
			);
			runOnlyForDeploymentPostprocessing = 0;
		};
/* End PBXFrameworksBuildPhase section */

/* Begin PBXGroup section */
		BF00109D16FEAD0A007B8A80 /* Model */ = {
			isa = PBXGroup;
			children = (
				BF62E8C4173DC98200B75C07 /* Engine */,
				BF0010A716FEBDD7007B8A80 /* AgencyModel.h */,
				BF0010A816FEBDD7007B8A80 /* AgencyModel.m */,
				BF0010B616FF252A007B8A80 /* ClientModel.h */,
				BF0010B716FF252A007B8A80 /* ClientModel.m */,
				BF0010AA16FEBEBC007B8A80 /* GroupModel.h */,
				BF0010AB16FEBEBC007B8A80 /* GroupModel.m */,
				BF0010AD16FECBDF007B8A80 /* CountryModel.h */,
				BF0010AE16FECBE0007B8A80 /* CountryModel.m */,
				BF0010B016FF21C1007B8A80 /* MetalModel.h */,
				BF0010B116FF21C1007B8A80 /* MetalModel.m */,
				BFBC5F00175409CB0004E022 /* ScoreModel.h */,
				BFBC5F01175409CB0004E022 /* ScoreModel.m */,
				BF0010B916FF2727007B8A80 /* ProductModel.h */,
				BF0010BA16FF2727007B8A80 /* ProductModel.m */,
				BF0010BC16FF30C2007B8A80 /* RoleModel.h */,
				BF0010BD16FF30C3007B8A80 /* RoleModel.m */,
				BF0010BF16FF32D4007B8A80 /* CategoryModel.h */,
				BF0010C016FF32D4007B8A80 /* CategoryModel.m */,
				BF0010C216FF3416007B8A80 /* SubcategoryModel.h */,
				BF0010C316FF3417007B8A80 /* SubcategoryModel.m */,
				BF0010C516FF362C007B8A80 /* DisciplineModel.h */,
				BF0010C616FF362D007B8A80 /* DisciplineModel.m */,
				BF0010C816FF385F007B8A80 /* PersonModel.h */,
				BF0010C916FF3860007B8A80 /* PersonModel.m */,
				BF0010B316FF230D007B8A80 /* ProducerModel.h */,
				BF0010B416FF230E007B8A80 /* ProducerModel.m */,
				BF0010CB16FF3BAF007B8A80 /* FestivalModel.h */,
				BF0010CC16FF3BB0007B8A80 /* FestivalModel.m */,
				BF0010CE16FF9C44007B8A80 /* EntryModel.h */,
				BF0010CF16FF9C45007B8A80 /* EntryModel.m */,
				BF0010D416FFA577007B8A80 /* CreditModel.h */,
				BF0010D516FFA578007B8A80 /* CreditModel.m */,
				BF0010D71700CC95007B8A80 /* ProducerCreditModel.h */,
				BF0010D81700CCA4007B8A80 /* ProducerCreditModel.m */,
				BF0010D116FFA05F007B8A80 /* AwardModel.h */,
				BF0010D216FFA060007B8A80 /* AwardModel.m */,
				BF0010DA1700F8B1007B8A80 /* AnnotationModel.h */,
				BF0010DB1700F8B9007B8A80 /* AnnotationModel.m */,
				BF0010DD1701280C007B8A80 /* UserModel.h */,
				BF0010DE1701280E007B8A80 /* UserModel.m */,
				BF0010E017012BA4007B8A80 /* CalendarTypeModel.h */,
				BF0010E117012BA6007B8A80 /* CalendarTypeModel.m */,
				BF0010E317012CD7007B8A80 /* CalendarModel.h */,
				BF0010E417012CD8007B8A80 /* CalendarModel.m */,
			);
			name = Model;
			sourceTree = "<group>";
		};
		BF302AD8174082D300195DE8 /* List */ = {
			isa = PBXGroup;
			children = (
				BF2F32A5172E0B7A00C0CB1B /* CreditManagerListViewController.h */,
				BF2F32A6172E0B7C00C0CB1B /* CreditManagerListViewController.m */,
				BF302ACF173DF57500195DE8 /* ProducerCreditManagerListViewController.h */,
				BF302AD0173DF57500195DE8 /* ProducerCreditManagerListViewController.m */,
				BF6A81BB1741903A00F8557E /* AwardManagerListViewController.h */,
				BF6A81BC1741903A00F8557E /* AwardManagerListViewController.m */,
				BF1787FE1749A4DC00057FF4 /* AgencyManagerListViewController.h */,
				BF1787FF1749A4DC00057FF4 /* AgencyManagerListViewController.m */,
				BFBC5ED5174EBF460004E022 /* ProductManagerListViewController.h */,
				BFBC5ED6174EBF460004E022 /* ProductManagerListViewController.m */,
				BFBC5ECC174E87030004E022 /* ClientManagerListViewController.h */,
				BFBC5ECD174E87030004E022 /* ClientManagerListViewController.m */,
				BFBC5EE117506DC90004E022 /* PersonManagerListViewController.h */,
				BFBC5EE217506DC90004E022 /* PersonManagerListViewController.m */,
				BFBC5EEA17518FEA0004E022 /* RoleManagerListViewController.h */,
				BFBC5EEB17518FEA0004E022 /* RoleManagerListViewController.m */,
				BFBC5EF71751B4840004E022 /* ProducerManagerListViewController.h */,
				BFBC5EF81751B4850004E022 /* ProducerManagerListViewController.m */,
			);
			name = List;
			sourceTree = "<group>";
		};
		BF302AD91740836500195DE8 /* Complete */ = {
			isa = PBXGroup;
			children = (
				BFBC5EB7174E77400004E022 /* BaseManagerCompleteViewController.h */,
				BFBC5EB8174E77400004E022 /* BaseManagerCompleteViewController.m */,
				BF302AD5173F2B3400195DE8 /* EntryManagerCompleteScrollView.h */,
				BF302AD6173F2B3600195DE8 /* EntryManagerCompleteScrollView.m */,
				BF2F329F172DFFEF00C0CB1B /* EntryManagerCompleteViewController.h */,
				BF2F32A0172DFFEF00C0CB1B /* EntryManagerCompleteViewController.m */,
				BFBC5EB4174E771E0004E022 /* AgencyManagerCompleteViewController.h */,
				BFBC5EB5174E771E0004E022 /* AgencyManagerCompleteViewController.m */,
				BFBC5EC3174E83B30004E022 /* ClientManagerCompleteViewController.h */,
				BFBC5EC4174E83B40004E022 /* ClientManagerCompleteViewController.m */,
				BFBC5ED817506AA40004E022 /* PersonManagerCompleteViewController.h */,
				BFBC5ED917506AA50004E022 /* PersonManagerCompleteViewController.m */,
				BFBC5EE417518F2E0004E022 /* RoleManagerCompleteViewController.h */,
				BFBC5EE517518F2E0004E022 /* RoleManagerCompleteViewController.m */,
				BFBC5EFA1751B62C0004E022 /* ProducerManagerCompleteViewController.h */,
				BFBC5EFB1751B62E0004E022 /* ProducerManagerCompleteViewController.m */,
			);
			name = Complete;
			sourceTree = "<group>";
		};
		BF46CF5F170391EB009AACA8 /* ContentManager */ = {
			isa = PBXGroup;
			children = (
				BF1787F517498F5900057FF4 /* MainManagerViewController.h */,
				BF1787F617498F5900057FF4 /* MainManagerViewController.m */,
				BF1787EF17498D0F00057FF4 /* MenuManagerViewController.h */,
				BF1787F017498D0F00057FF4 /* MenuManagerViewController.m */,
				BFF4C5A01705539A0098A633 /* Engine */,
				BF302AD8174082D300195DE8 /* List */,
				BFD3A373173DB8F10015E04F /* View */,
				BF302AD91740836500195DE8 /* Complete */,
				BFBC5EF31751B2C60004E022 /* ViewControllers */,
			);
			name = ContentManager;
			sourceTree = "<group>";
		};
		BF62E8C4173DC98200B75C07 /* Engine */ = {
			isa = PBXGroup;
			children = (
				BF0010A116FEADA6007B8A80 /* BaseModel.h */,
				BF0010A216FEADA6007B8A80 /* BaseModel.m */,
				BF00109E16FEAD3D007B8A80 /* TableModel.h */,
				BF00109F16FEAD3D007B8A80 /* TableModel.m */,
				BF0010A416FEB3DE007B8A80 /* ColumnModel.h */,
				BF0010A516FEB3DE007B8A80 /* ColumnModel.m */,
			);
			name = Engine;
			sourceTree = "<group>";
		};
		BF8D841716F7EEA2006906D8 = {
			isa = PBXGroup;
			children = (
				BF8D844016F7F746006906D8 /* libsqlite3.0.dylib */,
				BF8D842916F7EEA4006906D8 /* CreativeDB */,
				BF8D842216F7EEA4006906D8 /* Frameworks */,
				BF8D842116F7EEA4006906D8 /* Products */,
			);
			sourceTree = "<group>";
		};
		BF8D842116F7EEA4006906D8 /* Products */ = {
			isa = PBXGroup;
			children = (
				BF8D842016F7EEA4006906D8 /* CreativeDB.app */,
			);
			name = Products;
			sourceTree = "<group>";
		};
		BF8D842216F7EEA4006906D8 /* Frameworks */ = {
			isa = PBXGroup;
			children = (
				BF8D842316F7EEA4006906D8 /* Cocoa.framework */,
				BF3A4D65174434970046FF9B /* UIKit.framework */,
				BF3A4D67174434970046FF9B /* Foundation.framework */,
				BF3A4D69174434970046FF9B /* CoreGraphics.framework */,
				BFA5E7131744383200466F5C /* QuartzCore.framework */,
				BFA5E7151744383200466F5C /* OpenGLES.framework */,
				BF8D842516F7EEA4006906D8 /* Other Frameworks */,
			);
			name = Frameworks;
			sourceTree = "<group>";
		};
		BF8D842516F7EEA4006906D8 /* Other Frameworks */ = {
			isa = PBXGroup;
			children = (
				BF8D842616F7EEA4006906D8 /* AppKit.framework */,
				BF8D842716F7EEA4006906D8 /* CoreData.framework */,
				BF8D842816F7EEA4006906D8 /* Foundation.framework */,
			);
			name = "Other Frameworks";
			sourceTree = "<group>";
		};
		BF8D842916F7EEA4006906D8 /* CreativeDB */ = {
			isa = PBXGroup;
			children = (
				BF46CF5F170391EB009AACA8 /* ContentManager */,
				BF00109D16FEAD0A007B8A80 /* Model */,
				BF8D845A16F7FABC006906D8 /* Utils */,
				BF8D845416F7F81C006906D8 /* DAO */,
				BF8D844216F7F7A8006906D8 /* FMDB */,
				BF8D843516F7EEA5006906D8 /* AppDelegate.h */,
				BF8D843616F7EEA5006906D8 /* AppDelegate.m */,
				BF8D843816F7EEA5006906D8 /* MainMenu.xib */,
				BF8D842A16F7EEA4006906D8 /* Supporting Files */,
			);
			path = CreativeDB;
			sourceTree = "<group>";
		};
		BF8D842A16F7EEA4006906D8 /* Supporting Files */ = {
			isa = PBXGroup;
			children = (
				BF8D845816F7F85D006906D8 /* CreativeDB.sqlite */,
				BF8D842B16F7EEA4006906D8 /* CreativeDB-Info.plist */,
				BF8D842C16F7EEA4006906D8 /* InfoPlist.strings */,
				BF8D842F16F7EEA4006906D8 /* main.m */,
				BF8D843116F7EEA4006906D8 /* CreativeDB-Prefix.pch */,
				BF8D843216F7EEA5006906D8 /* Credits.rtf */,
			);
			name = "Supporting Files";
			sourceTree = "<group>";
		};
		BF8D844216F7F7A8006906D8 /* FMDB */ = {
			isa = PBXGroup;
			children = (
				BF8D844316F7F7BC006906D8 /* FMDatabase.h */,
				BF8D844416F7F7BC006906D8 /* FMDatabase.m */,
				BF8D844516F7F7BC006906D8 /* FMDatabaseAdditions.h */,
				BF8D844616F7F7BC006906D8 /* FMDatabaseAdditions.m */,
				BF8D844716F7F7BC006906D8 /* FMDatabasePool.h */,
				BF8D844816F7F7BC006906D8 /* FMDatabasePool.m */,
				BF8D844916F7F7BC006906D8 /* FMDatabaseQueue.h */,
				BF8D844A16F7F7BC006906D8 /* FMDatabaseQueue.m */,
				BF8D844C16F7F7BC006906D8 /* FMResultSet.h */,
				BF8D844D16F7F7BC006906D8 /* FMResultSet.m */,
			);
			name = FMDB;
			sourceTree = "<group>";
		};
		BF8D845416F7F81C006906D8 /* DAO */ = {
			isa = PBXGroup;
			children = (
				BF8D845516F7F82F006906D8 /* FMDBDataAccess.h */,
				BF8D845616F7F82F006906D8 /* FMDBDataAccess.m */,
			);
			name = DAO;
			sourceTree = "<group>";
		};
		BF8D845A16F7FABC006906D8 /* Utils */ = {
			isa = PBXGroup;
			children = (
				BF8D845D16F7FAD5006906D8 /* SORelativeDateTransformer.bundle */,
				BF8D845E16F7FAD5006906D8 /* SORelativeDateTransformer.h */,
				BF8D845F16F7FAD5006906D8 /* SORelativeDateTransformer.m */,
			);
			name = Utils;
			sourceTree = "<group>";
		};
		BFBC5EF31751B2C60004E022 /* ViewControllers */ = {
			isa = PBXGroup;
			children = (
				BFF4C5A11707A5B20098A633 /* EntryManagerViewController.h */,
				BFF4C5A21707A5B30098A633 /* EntryManagerViewController.m */,
				BFBC5ED2174EBE410004E022 /* ProductManagerViewController.h */,
				BFBC5ED3174EBE410004E022 /* ProductManagerViewController.m */,
				BFF4C58A170544F50098A633 /* AgencyManagerViewController.h */,
				BFF4C58B170544F50098A633 /* AgencyManagerViewController.m */,
				BFE703351724F24A0030E255 /* CreditManagerViewController.h */,
				BFE703361724F24B0030E255 /* CreditManagerViewController.m */,
				BF62E8BE173DC05E00B75C07 /* ProducerCreditManagerViewController.h */,
				BF62E8BF173DC05E00B75C07 /* ProducerCreditManagerViewController.m */,
				BFFCE80C174084B400987656 /* AwardManagerViewController.h */,
				BFFCE80D174084B400987656 /* AwardManagerViewController.m */,
				BFBC5EC6174E850E0004E022 /* ClientManagerViewController.h */,
				BFBC5EC7174E850F0004E022 /* ClientManagerViewController.m */,
				BFBC5EDB17506BC70004E022 /* PersonManagerViewController.h */,
				BFBC5EDC17506BCB0004E022 /* PersonManagerViewController.m */,
				BFBC5EE717518FBE0004E022 /* RoleManagerViewController.h */,
				BFBC5EE817518FC10004E022 /* RoleManagerViewController.m */,
				BFBC5EF41751B38B0004E022 /* ProducerManagerViewController.h */,
				BFBC5EF51751B38B0004E022 /* ProducerManagerViewController.m */,
			);
			name = ViewControllers;
			sourceTree = "<group>";
		};
		BFD3A373173DB8F10015E04F /* View */ = {
			isa = PBXGroup;
			children = (
				BFBC5EBA174E77E50004E022 /* BaseLayeredView.h */,
				BFBC5EBB174E77E50004E022 /* BaseLayeredView.m */,
				BFF4C58D1705450E0098A633 /* AgencyManagerView.h */,
				BFF4C58E1705450E0098A633 /* AgencyManagerView.m */,
				BFBC5ECF174EBABF0004E022 /* ProductManagerView.h */,
				BFBC5ED0174EBABF0004E022 /* ProductManagerView.m */,
				BFF4C5A41707A5DE0098A633 /* EntryManagerView.h */,
				BFF4C5A51707A5DF0098A633 /* EntryManagerView.m */,
				BFE703381724F29B0030E255 /* CreditManagerView.h */,
				BFE703391724F29C0030E255 /* CreditManagerView.m */,
				BF62E8C1173DC0AE00B75C07 /* ProducerCreditManagerView.h */,
				BF62E8C2173DC0AE00B75C07 /* ProducerCreditManagerView.m */,
				BFFCE80F1740853000987656 /* AwardManagerView.h */,
				BFFCE8101740853000987656 /* AwardManagerView.m */,
				BFBC5EC9174E85350004E022 /* ClientManagerView.h */,
				BFBC5ECA174E85360004E022 /* ClientManagerView.m */,
				BFBC5EDE17506BEF0004E022 /* PersonManagerView.h */,
				BFBC5EDF17506BF00004E022 /* PersonManagerView.m */,
				BFBC5EED175190080004E022 /* RoleManagerView.h */,
				BFBC5EEE175190090004E022 /* RoleManagerView.m */,
				BFBC5EF0175197C40004E022 /* ProducerManagerView.h */,
				BFBC5EF1175197C50004E022 /* ProducerManagerView.m */,
			);
			name = View;
			sourceTree = "<group>";
		};
		BFF4C5A01705539A0098A633 /* Engine */ = {
			isa = PBXGroup;
			children = (
				BFF4C59A1705525E0098A633 /* ManagerEngine.h */,
				BFF4C59B1705525E0098A633 /* ManagerEngine.m */,
				BFF4C590170546080098A633 /* ManagerTextField.h */,
				BFF4C591170546080098A633 /* ManagerTextField.m */,
				BFF4C593170549D50098A633 /* ManagerComboBox.h */,
				BFF4C594170549D50098A633 /* ManagerComboBox.m */,
				BFF4C59717054B980098A633 /* ManagerLabel.h */,
				BFF4C59817054B980098A633 /* ManagerLabel.m */,
				BFF4C59D170553900098A633 /* ManagerFieldContainer.h */,
				BFF4C59E170553910098A633 /* ManagerFieldContainer.m */,
				BFF4C5A71707C2010098A633 /* ManagerTextAreaField.h */,
				BFF4C5A81707C2010098A633 /* ManagerTextAreaField.m */,
				BFF4C5AA1708FEB90098A633 /* ManagerActionBar.h */,
				BFF4C5AB1708FEBA0098A633 /* ManagerActionBar.m */,
				BFF4C5AD170902E10098A633 /* ManagerButton.h */,
				BFF4C5AE170902E20098A633 /* ManagerButton.m */,
				BF1787FB1749928A00057FF4 /* ManagerMenuButton.h */,
				BF1787FC1749928A00057FF4 /* ManagerMenuButton.m */,
				BFAD2E9E171B9ADF0044262E /* BaseManagerViewController.h */,
				BFAD2E9F171B9AE00044262E /* BaseManagerViewController.m */,
				BFAD2EA1171BA2350044262E /* BaseManagerView.h */,
				BFAD2EA2171BA2360044262E /* BaseManagerView.m */,
				BF2F3299172DEF9E00C0CB1B /* BaseManagerListViewController.h */,
				BF2F329A172DEF9E00C0CB1B /* BaseManagerListViewController.m */,
				BF6A81C21741959200F8557E /* BaseManagerListView.h */,
				BF6A81C31741959200F8557E /* BaseManagerListView.m */,
				BFBC5EFD1753097E0004E022 /* ManagerHeader.h */,
				BFBC5EFE175309800004E022 /* ManagerHeader.m */,
			);
			name = Engine;
			sourceTree = "<group>";
		};
/* End PBXGroup section */

/* Begin PBXNativeTarget section */
		BF8D841F16F7EEA3006906D8 /* CreativeDB */ = {
			isa = PBXNativeTarget;
			buildConfigurationList = BF8D843D16F7EEA6006906D8 /* Build configuration list for PBXNativeTarget "CreativeDB" */;
			buildPhases = (
				BF8D841C16F7EEA3006906D8 /* Sources */,
				BF8D841D16F7EEA3006906D8 /* Frameworks */,
				BF8D841E16F7EEA3006906D8 /* Resources */,
			);
			buildRules = (
			);
			dependencies = (
			);
			name = CreativeDB;
			productName = CreativeDB;
			productReference = BF8D842016F7EEA4006906D8 /* CreativeDB.app */;
			productType = "com.apple.product-type.application";
		};
/* End PBXNativeTarget section */

/* Begin PBXProject section */
		BF8D841816F7EEA3006906D8 /* Project object */ = {
			isa = PBXProject;
			attributes = {
				LastUpgradeCheck = 0460;
				ORGANIZATIONNAME = Cacau;
			};
			buildConfigurationList = BF8D841B16F7EEA3006906D8 /* Build configuration list for PBXProject "CreativeDB" */;
			compatibilityVersion = "Xcode 3.2";
			developmentRegion = English;
			hasScannedForEncodings = 0;
			knownRegions = (
				en,
			);
			mainGroup = BF8D841716F7EEA2006906D8;
			productRefGroup = BF8D842116F7EEA4006906D8 /* Products */;
			projectDirPath = "";
			projectRoot = "";
			targets = (
				BF8D841F16F7EEA3006906D8 /* CreativeDB */,
			);
		};
/* End PBXProject section */

/* Begin PBXResourcesBuildPhase section */
		BF8D841E16F7EEA3006906D8 /* Resources */ = {
			isa = PBXResourcesBuildPhase;
			buildActionMask = 2147483647;
			files = (
				BF8D842E16F7EEA4006906D8 /* InfoPlist.strings in Resources */,
				BF8D843416F7EEA5006906D8 /* Credits.rtf in Resources */,
				BF8D843A16F7EEA5006906D8 /* MainMenu.xib in Resources */,
				BF8D845916F7F85D006906D8 /* CreativeDB.sqlite in Resources */,
				BF8D846116F7FAD5006906D8 /* SORelativeDateTransformer.bundle in Resources */,
			);
			runOnlyForDeploymentPostprocessing = 0;
		};
/* End PBXResourcesBuildPhase section */

/* Begin PBXSourcesBuildPhase section */
		BF8D841C16F7EEA3006906D8 /* Sources */ = {
			isa = PBXSourcesBuildPhase;
			buildActionMask = 2147483647;
			files = (
				BF8D843016F7EEA4006906D8 /* main.m in Sources */,
				BF8D843716F7EEA5006906D8 /* AppDelegate.m in Sources */,
				BF8D844E16F7F7BC006906D8 /* FMDatabase.m in Sources */,
				BF8D844F16F7F7BC006906D8 /* FMDatabaseAdditions.m in Sources */,
				BF8D845016F7F7BC006906D8 /* FMDatabasePool.m in Sources */,
				BF8D845116F7F7BC006906D8 /* FMDatabaseQueue.m in Sources */,
				BF8D845316F7F7BC006906D8 /* FMResultSet.m in Sources */,
				BF8D845716F7F82F006906D8 /* FMDBDataAccess.m in Sources */,
				BF8D846216F7FAD5006906D8 /* SORelativeDateTransformer.m in Sources */,
				BF0010A016FEAD3D007B8A80 /* TableModel.m in Sources */,
				BF0010A316FEADA6007B8A80 /* BaseModel.m in Sources */,
				BF0010A616FEB3DE007B8A80 /* ColumnModel.m in Sources */,
				BF0010A916FEBDD7007B8A80 /* AgencyModel.m in Sources */,
				BF0010AC16FEBEBC007B8A80 /* GroupModel.m in Sources */,
				BF0010AF16FECBE0007B8A80 /* CountryModel.m in Sources */,
				BF0010B216FF21C2007B8A80 /* MetalModel.m in Sources */,
				BF0010B516FF230E007B8A80 /* ProducerModel.m in Sources */,
				BF0010B816FF252B007B8A80 /* ClientModel.m in Sources */,
				BF0010BB16FF2728007B8A80 /* ProductModel.m in Sources */,
				BF0010BE16FF30C3007B8A80 /* RoleModel.m in Sources */,
				BF0010C116FF32D5007B8A80 /* CategoryModel.m in Sources */,
				BF0010C416FF3418007B8A80 /* SubcategoryModel.m in Sources */,
				BF0010C716FF362E007B8A80 /* DisciplineModel.m in Sources */,
				BF0010CA16FF3862007B8A80 /* PersonModel.m in Sources */,
				BF0010CD16FF3BB1007B8A80 /* FestivalModel.m in Sources */,
				BF0010D016FF9C46007B8A80 /* EntryModel.m in Sources */,
				BF0010D316FFA062007B8A80 /* AwardModel.m in Sources */,
				BF0010D616FFA57A007B8A80 /* CreditModel.m in Sources */,
				BF0010D91700CCB9007B8A80 /* ProducerCreditModel.m in Sources */,
				BF0010DC1700F8BE007B8A80 /* AnnotationModel.m in Sources */,
				BF0010DF1701281C007B8A80 /* UserModel.m in Sources */,
				BF0010E217012BA9007B8A80 /* CalendarTypeModel.m in Sources */,
				BF0010E517012CDC007B8A80 /* CalendarModel.m in Sources */,
				BFF4C58C170544F50098A633 /* AgencyManagerViewController.m in Sources */,
				BFF4C58F1705450E0098A633 /* AgencyManagerView.m in Sources */,
				BFF4C592170546080098A633 /* ManagerTextField.m in Sources */,
				BFF4C595170549D50098A633 /* ManagerComboBox.m in Sources */,
				BFF4C59917054B980098A633 /* ManagerLabel.m in Sources */,
				BFF4C59C1705525E0098A633 /* ManagerEngine.m in Sources */,
				BFF4C59F170553910098A633 /* ManagerFieldContainer.m in Sources */,
				BFF4C5A31707A5B30098A633 /* EntryManagerViewController.m in Sources */,
				BFF4C5A61707A5E40098A633 /* EntryManagerView.m in Sources */,
				BFF4C5A91707C2020098A633 /* ManagerTextAreaField.m in Sources */,
				BFF4C5AC1708FEBA0098A633 /* ManagerActionBar.m in Sources */,
				BFF4C5AF170902E30098A633 /* ManagerButton.m in Sources */,
				BFAD2EA0171B9AE20044262E /* BaseManagerViewController.m in Sources */,
				BFAD2EA3171BA2370044262E /* BaseManagerView.m in Sources */,
				BFE703371724F24C0030E255 /* CreditManagerViewController.m in Sources */,
				BFE7033A1724F29D0030E255 /* CreditManagerView.m in Sources */,
				BF2F329B172DEF9E00C0CB1B /* BaseManagerListViewController.m in Sources */,
				BF2F32A1172DFFF000C0CB1B /* EntryManagerCompleteViewController.m in Sources */,
				BF2F32A7172E0B7E00C0CB1B /* CreditManagerListViewController.m in Sources */,
				BF62E8C0173DC05E00B75C07 /* ProducerCreditManagerViewController.m in Sources */,
				BF62E8C3173DC0AE00B75C07 /* ProducerCreditManagerView.m in Sources */,
				BF302AD1173DF57500195DE8 /* ProducerCreditManagerListViewController.m in Sources */,
				BF302AD7173F2B3900195DE8 /* EntryManagerCompleteScrollView.m in Sources */,
				BFFCE80E174084B400987656 /* AwardManagerViewController.m in Sources */,
				BFFCE8111740853000987656 /* AwardManagerView.m in Sources */,
				BF6A81BD1741903A00F8557E /* AwardManagerListViewController.m in Sources */,
				BF6A81C41741959200F8557E /* BaseManagerListView.m in Sources */,
				BF1787F117498D1000057FF4 /* MenuManagerViewController.m in Sources */,
				BF1787F717498F5900057FF4 /* MainManagerViewController.m in Sources */,
				BF1787FD1749928B00057FF4 /* ManagerMenuButton.m in Sources */,
				BF1788001749A4DC00057FF4 /* AgencyManagerListViewController.m in Sources */,
				BFBC5EB6174E771E0004E022 /* AgencyManagerCompleteViewController.m in Sources */,
				BFBC5EB9174E77400004E022 /* BaseManagerCompleteViewController.m in Sources */,
				BFBC5EBC174E77E50004E022 /* BaseLayeredView.m in Sources */,
				BFBC5EC5174E83B40004E022 /* ClientManagerCompleteViewController.m in Sources */,
				BFBC5EC8174E85100004E022 /* ClientManagerViewController.m in Sources */,
				BFBC5ECB174E85360004E022 /* ClientManagerView.m in Sources */,
				BFBC5ECE174E87030004E022 /* ClientManagerListViewController.m in Sources */,
				BFBC5ED1174EBABF0004E022 /* ProductManagerView.m in Sources */,
				BFBC5ED4174EBE420004E022 /* ProductManagerViewController.m in Sources */,
				BFBC5ED7174EBF460004E022 /* ProductManagerListViewController.m in Sources */,
				BFBC5EDA17506AA60004E022 /* PersonManagerCompleteViewController.m in Sources */,
				BFBC5EDD17506BCF0004E022 /* PersonManagerViewController.m in Sources */,
				BFBC5EE017506BF00004E022 /* PersonManagerView.m in Sources */,
				BFBC5EE317506DCA0004E022 /* PersonManagerListViewController.m in Sources */,
				BFBC5EE617518F2F0004E022 /* RoleManagerCompleteViewController.m in Sources */,
				BFBC5EE917518FC70004E022 /* RoleManagerViewController.m in Sources */,
				BFBC5EEC17518FEB0004E022 /* RoleManagerListViewController.m in Sources */,
				BFBC5EEF1751900A0004E022 /* RoleManagerView.m in Sources */,
				BFBC5EF2175197C50004E022 /* ProducerManagerView.m in Sources */,
				BFBC5EF61751B38B0004E022 /* ProducerManagerViewController.m in Sources */,
				BFBC5EF91751B4860004E022 /* ProducerManagerListViewController.m in Sources */,
				BFBC5EFC1751B62F0004E022 /* ProducerManagerCompleteViewController.m in Sources */,
				BFBC5EFF175309820004E022 /* ManagerHeader.m in Sources */,
				BFBC5F02175409CB0004E022 /* ScoreModel.m in Sources */,
			);
			runOnlyForDeploymentPostprocessing = 0;
		};
/* End PBXSourcesBuildPhase section */

/* Begin PBXVariantGroup section */
		BF8D842C16F7EEA4006906D8 /* InfoPlist.strings */ = {
			isa = PBXVariantGroup;
			children = (
				BF8D842D16F7EEA4006906D8 /* en */,
			);
			name = InfoPlist.strings;
			sourceTree = "<group>";
		};
		BF8D843216F7EEA5006906D8 /* Credits.rtf */ = {
			isa = PBXVariantGroup;
			children = (
				BF8D843316F7EEA5006906D8 /* en */,
			);
			name = Credits.rtf;
			sourceTree = "<group>";
		};
		BF8D843816F7EEA5006906D8 /* MainMenu.xib */ = {
			isa = PBXVariantGroup;
			children = (
				BF8D843916F7EEA5006906D8 /* en */,
			);
			name = MainMenu.xib;
			sourceTree = "<group>";
		};
/* End PBXVariantGroup section */

/* Begin XCBuildConfiguration section */
		BF8D843B16F7EEA5006906D8 /* Debug */ = {
			isa = XCBuildConfiguration;
			buildSettings = {
				ALWAYS_SEARCH_USER_PATHS = NO;
				ARCHS = "$(ARCHS_STANDARD_64_BIT)";
				CLANG_CXX_LANGUAGE_STANDARD = "gnu++0x";
				CLANG_CXX_LIBRARY = "libc++";
				CLANG_ENABLE_OBJC_ARC = YES;
				CLANG_WARN_CONSTANT_CONVERSION = YES;
				CLANG_WARN_EMPTY_BODY = YES;
				CLANG_WARN_ENUM_CONVERSION = YES;
				CLANG_WARN_INT_CONVERSION = YES;
				CLANG_WARN__DUPLICATE_METHOD_MATCH = YES;
				COPY_PHASE_STRIP = NO;
				GCC_C_LANGUAGE_STANDARD = gnu99;
				GCC_DYNAMIC_NO_PIC = NO;
				GCC_ENABLE_OBJC_EXCEPTIONS = YES;
				GCC_OPTIMIZATION_LEVEL = 0;
				GCC_PREPROCESSOR_DEFINITIONS = (
					"DEBUG=1",
					"$(inherited)",
				);
				GCC_SYMBOLS_PRIVATE_EXTERN = NO;
				GCC_WARN_64_TO_32_BIT_CONVERSION = YES;
				GCC_WARN_ABOUT_RETURN_TYPE = YES;
				GCC_WARN_UNINITIALIZED_AUTOS = YES;
				GCC_WARN_UNUSED_VARIABLE = YES;
				MACOSX_DEPLOYMENT_TARGET = 10.7;
				ONLY_ACTIVE_ARCH = YES;
				SDKROOT = macosx;
			};
			name = Debug;
		};
		BF8D843C16F7EEA5006906D8 /* Release */ = {
			isa = XCBuildConfiguration;
			buildSettings = {
				ALWAYS_SEARCH_USER_PATHS = NO;
				ARCHS = "$(ARCHS_STANDARD_64_BIT)";
				CLANG_CXX_LANGUAGE_STANDARD = "gnu++0x";
				CLANG_CXX_LIBRARY = "libc++";
				CLANG_ENABLE_OBJC_ARC = YES;
				CLANG_WARN_CONSTANT_CONVERSION = YES;
				CLANG_WARN_EMPTY_BODY = YES;
				CLANG_WARN_ENUM_CONVERSION = YES;
				CLANG_WARN_INT_CONVERSION = YES;
				CLANG_WARN__DUPLICATE_METHOD_MATCH = YES;
				COPY_PHASE_STRIP = YES;
				DEBUG_INFORMATION_FORMAT = "dwarf-with-dsym";
				GCC_C_LANGUAGE_STANDARD = gnu99;
				GCC_ENABLE_OBJC_EXCEPTIONS = YES;
				GCC_WARN_64_TO_32_BIT_CONVERSION = YES;
				GCC_WARN_ABOUT_RETURN_TYPE = YES;
				GCC_WARN_UNINITIALIZED_AUTOS = YES;
				GCC_WARN_UNUSED_VARIABLE = YES;
				MACOSX_DEPLOYMENT_TARGET = 10.7;
				SDKROOT = macosx;
			};
			name = Release;
		};
		BF8D843E16F7EEA6006906D8 /* Debug */ = {
			isa = XCBuildConfiguration;
			buildSettings = {
				COMBINE_HIDPI_IMAGES = YES;
				FRAMEWORK_SEARCH_PATHS = (
					"$(inherited)",
					"\"$(SRCROOT)\"",
				);
				GCC_PRECOMPILE_PREFIX_HEADER = YES;
				GCC_PREFIX_HEADER = "CreativeDB/CreativeDB-Prefix.pch";
				INFOPLIST_FILE = "CreativeDB/CreativeDB-Info.plist";
				PRODUCT_NAME = "$(TARGET_NAME)";
				WRAPPER_EXTENSION = app;
			};
			name = Debug;
		};
		BF8D843F16F7EEA6006906D8 /* Release */ = {
			isa = XCBuildConfiguration;
			buildSettings = {
				COMBINE_HIDPI_IMAGES = YES;
				FRAMEWORK_SEARCH_PATHS = (
					"$(inherited)",
					"\"$(SRCROOT)\"",
				);
				GCC_PRECOMPILE_PREFIX_HEADER = YES;
				GCC_PREFIX_HEADER = "CreativeDB/CreativeDB-Prefix.pch";
				INFOPLIST_FILE = "CreativeDB/CreativeDB-Info.plist";
				PRODUCT_NAME = "$(TARGET_NAME)";
				WRAPPER_EXTENSION = app;
			};
			name = Release;
		};
/* End XCBuildConfiguration section */

/* Begin XCConfigurationList section */
		BF8D841B16F7EEA3006906D8 /* Build configuration list for PBXProject "CreativeDB" */ = {
			isa = XCConfigurationList;
			buildConfigurations = (
				BF8D843B16F7EEA5006906D8 /* Debug */,
				BF8D843C16F7EEA5006906D8 /* Release */,
			);
			defaultConfigurationIsVisible = 0;
			defaultConfigurationName = Release;
		};
		BF8D843D16F7EEA6006906D8 /* Build configuration list for PBXNativeTarget "CreativeDB" */ = {
			isa = XCConfigurationList;
			buildConfigurations = (
				BF8D843E16F7EEA6006906D8 /* Debug */,
				BF8D843F16F7EEA6006906D8 /* Release */,
			);
			defaultConfigurationIsVisible = 0;
			defaultConfigurationName = Release;
		};
/* End XCConfigurationList section */
	};
	rootObject = BF8D841816F7EEA3006906D8 /* Project object */;
}
